
Microsoft Visual Studio Solution File, Format Version 12.00
# Visual Studio Version 17
VisualStudioVersion = 17.0.31903.59
MinimumVisualStudioVersion = 10.0.40219.1
Project("{2150E333-8FDC-42A3-9474-1A3956D46DE8}") = "services", "services", "{5854FF58-B8C5-05C6-5BF2-ACE42193F22B}"
EndProject
Project("{2150E333-8FDC-42A3-9474-1A3956D46DE8}") = "accommodation-service", "accommodation-service", "{74BF30D2-5567-7E21-0AB8-890B8E2F4532}"
EndProject
Project("{2150E333-8FDC-42A3-9474-1A3956D46DE8}") = "src", "src", "{9EA83EBA-B44F-30C3-69A8-E731DD213924}"
EndProject
Project("{FAE04EC0-301F-11D3-BF4B-00C04F79EFBC}") = "AccommodationService", "services\accommodation-service\src\AccommodationService\AccommodationService.csproj", "{4633EBC7-8810-41D5-94C2-BCB0014DD238}"
EndProject
Project("{2150E333-8FDC-42A3-9474-1A3956D46DE8}") = "availability-service", "availability-service", "{A11E8D2C-1E34-6671-EC16-5CF270E85870}"
EndProject
Project("{2150E333-8FDC-42A3-9474-1A3956D46DE8}") = "src", "src", "{E588C7A0-8E09-F5A7-A398-F9D2E6ACBF2D}"
EndProject
Project("{FAE04EC0-301F-11D3-BF4B-00C04F79EFBC}") = "AvailabilityService", "services\availability-service\src\AvailabilityService\AvailabilityService.csproj", "{C516D753-9EA9-4D2C-B2F1-0CC432123391}"
EndProject
Project("{2150E333-8FDC-42A3-9474-1A3956D46DE8}") = "identity-service", "identity-service", "{A86387A1-6CB7-E87F-8D97-922B56EDCEFC}"
EndProject
Project("{2150E333-8FDC-42A3-9474-1A3956D46DE8}") = "src", "src", "{B16E37B7-9997-3A69-15CC-2776E4DDC1AC}"
EndProject
Project("{FAE04EC0-301F-11D3-BF4B-00C04F79EFBC}") = "IdentityService", "services\identity-service\src\IdentityService\IdentityService.csproj", "{2E911CCF-6DBA-458A-ADAA-BE851122A431}"
EndProject
Project("{2150E333-8FDC-42A3-9474-1A3956D46DE8}") = "notification-service", "notification-service", "{C11069B0-78FC-CF9E-9D65-12F697A0DBA7}"
EndProject
Project("{2150E333-8FDC-42A3-9474-1A3956D46DE8}") = "src", "src", "{3BF257AD-52FD-D1B4-C469-F272D6688222}"
EndProject
Project("{FAE04EC0-301F-11D3-BF4B-00C04F79EFBC}") = "NotificationService", "services\notification-service\src\NotificationService\NotificationService.csproj", "{7F5003F8-AA94-4F4F-BB99-53B5DC44C2DE}"
EndProject
Project("{2150E333-8FDC-42A3-9474-1A3956D46DE8}") = "rating-service", "rating-service", "{B1FC9596-F9B4-D19A-EBF5-4E2EF4B587FD}"
EndProject
Project("{2150E333-8FDC-42A3-9474-1A3956D46DE8}") = "src", "src", "{9DFD78BA-D1D0-E637-C6AC-04F1B1457CB5}"
EndProject
Project("{FAE04EC0-301F-11D3-BF4B-00C04F79EFBC}") = "RatingService", "services\rating-service\src\RatingService\RatingService.csproj", "{3E1797AD-8EB2-46E7-BE8C-70161833BCE5}"
EndProject
Project("{2150E333-8FDC-42A3-9474-1A3956D46DE8}") = "search-service", "search-service", "{5E2CB670-2A91-A921-91B6-C7578B4DCEC0}"
EndProject
Project("{2150E333-8FDC-42A3-9474-1A3956D46DE8}") = "src", "src", "{31192AE9-F51B-AEBD-33CE-1EA9C36E4389}"
EndProject
Project("{FAE04EC0-301F-11D3-BF4B-00C04F79EFBC}") = "SearchService", "services\search-service\src\SearchService\SearchService.csproj", "{E5506B4B-A1F2-4164-8307-B72F88C3165B}"
EndProject
Project("{2150E333-8FDC-42A3-9474-1A3956D46DE8}") = "cdn-service", "cdn-service", "{36B80E85-59D1-B8DB-3000-F28FAA5F755B}"
EndProject
Project("{2150E333-8FDC-42A3-9474-1A3956D46DE8}") = "src", "src", "{7899226C-8785-E78D-3674-D3A394709675}"
EndProject
Project("{FAE04EC0-301F-11D3-BF4B-00C04F79EFBC}") = "CdnService", "services\cdn-service\src\CdnService\CdnService.csproj", "{FD3204D6-5F7C-4923-B546-417F2CD50002}"
EndProject
Project("{2150E333-8FDC-42A3-9474-1A3956D46DE8}") = "reservation-service", "reservation-service", "{B243012A-2D8B-010F-8D43-330B6A1CD5A6}"
EndProject
Project("{2150E333-8FDC-42A3-9474-1A3956D46DE8}") = "src", "src", "{7819F573-34DF-00F8-31D3-EB3D1AB759CE}"
EndProject
Project("{FAE04EC0-301F-11D3-BF4B-00C04F79EFBC}") = "ReservationService", "services\reservation-service\src\ReservationService\ReservationService.csproj", "{93E315F7-77FA-427E-900E-E7EC015A37FA}"
EndProject
Project("{2150E333-8FDC-42A3-9474-1A3956D46DE8}") = "tests", "tests", "{271899DC-7A54-9353-8564-15A2B03681EC}"
EndProject
Project("{FAE04EC0-301F-11D3-BF4B-00C04F79EFBC}") = "AccommodationService.Tests", "services\accommodation-service\tests\AccommodationService.Tests\AccommodationService.Tests.csproj", "{C376128B-6C93-4B28-A510-ABD3DB5AAEF8}"
EndProject
Project("{2150E333-8FDC-42A3-9474-1A3956D46DE8}") = "tests", "tests", "{BD0D32FA-C7BA-02D7-8012-B8DFED9A4DCE}"
EndProject
Project("{FAE04EC0-301F-11D3-BF4B-00C04F79EFBC}") = "AvailabilityService.Tests", "services\availability-service\tests\AvailabilityService.Tests\AvailabilityService.Tests.csproj", "{00CF550C-568D-440B-B1E7-E9D9C9AF7400}"
EndProject
Project("{2150E333-8FDC-42A3-9474-1A3956D46DE8}") = "tests", "tests", "{8B9A4CE7-C63C-2C30-32DD-7937E6868EBD}"
EndProject
Project("{FAE04EC0-301F-11D3-BF4B-00C04F79EFBC}") = "IdentityService.Tests", "services\identity-service\tests\IdentityService.Tests\IdentityService.Tests.csproj", "{17FF08F3-4D03-48DF-AEEA-414D2A3D7E4C}"
EndProject
Project("{2150E333-8FDC-42A3-9474-1A3956D46DE8}") = "tests", "tests", "{27654D0E-123A-20BD-DB97-6CFB470F3F5D}"
EndProject
Project("{FAE04EC0-301F-11D3-BF4B-00C04F79EFBC}") = "CdnService.Tests", "services\cdn-service\tests\CdnService.Tests\CdnService.Tests.csproj", "{3E7D8EB7-A3A8-4B02-8003-914CAF69BBEE}"
EndProject
Project("{2150E333-8FDC-42A3-9474-1A3956D46DE8}") = "tests", "tests", "{30C5FC91-BAB3-7698-36C1-39A02EFCC7C0}"
EndProject
Project("{FAE04EC0-301F-11D3-BF4B-00C04F79EFBC}") = "NotificationService.Tests", "services\notification-service\tests\NotificationService.Tests\NotificationService.Tests.csproj", "{2238BFF3-73B9-4EEC-A12C-60B0E686AE90}"
EndProject
Project("{2150E333-8FDC-42A3-9474-1A3956D46DE8}") = "tests", "tests", "{BDC9CAC1-30FE-134D-E607-07DEC290A202}"
EndProject
Project("{FAE04EC0-301F-11D3-BF4B-00C04F79EFBC}") = "RatingService.Tests", "services\rating-service\tests\RatingService.Tests\RatingService.Tests.csproj", "{5E287B5F-8D86-4E3E-829E-2253E3BB0053}"
EndProject
Project("{2150E333-8FDC-42A3-9474-1A3956D46DE8}") = "tests", "tests", "{6F5FA5BE-A3C2-5CC3-5E5C-525EC6EF42C6}"
EndProject
Project("{FAE04EC0-301F-11D3-BF4B-00C04F79EFBC}") = "ReservationService.Tests", "services\reservation-service\tests\ReservationService.Tests\ReservationService.Tests.csproj", "{30D370DD-23F3-4A7E-9196-F4D43F778761}"
EndProject
Project("{2150E333-8FDC-42A3-9474-1A3956D46DE8}") = "tests", "tests", "{812B3FD7-7E4F-A54F-991E-5AF307273D5F}"
EndProject
Project("{FAE04EC0-301F-11D3-BF4B-00C04F79EFBC}") = "SearchService.Tests", "services\search-service\tests\SearchService.Tests\SearchService.Tests.csproj", "{FAC00478-8039-461D-8EF4-24A112EA198F}"
EndProject
Global
	GlobalSection(SolutionConfigurationPlatforms) = preSolution
		Debug|Any CPU = Debug|Any CPU
		Debug|x64 = Debug|x64
		Debug|x86 = Debug|x86
		Release|Any CPU = Release|Any CPU
		Release|x64 = Release|x64
		Release|x86 = Release|x86
	EndGlobalSection
	GlobalSection(ProjectConfigurationPlatforms) = postSolution
		{4633EBC7-8810-41D5-94C2-BCB0014DD238}.Debug|Any CPU.ActiveCfg = Debug|Any CPU
		{4633EBC7-8810-41D5-94C2-BCB0014DD238}.Debug|Any CPU.Build.0 = Debug|Any CPU
		{4633EBC7-8810-41D5-94C2-BCB0014DD238}.Debug|x64.ActiveCfg = Debug|Any CPU
		{4633EBC7-8810-41D5-94C2-BCB0014DD238}.Debug|x64.Build.0 = Debug|Any CPU
		{4633EBC7-8810-41D5-94C2-BCB0014DD238}.Debug|x86.ActiveCfg = Debug|Any CPU
		{4633EBC7-8810-41D5-94C2-BCB0014DD238}.Debug|x86.Build.0 = Debug|Any CPU
		{4633EBC7-8810-41D5-94C2-BCB0014DD238}.Release|Any CPU.ActiveCfg = Release|Any CPU
		{4633EBC7-8810-41D5-94C2-BCB0014DD238}.Release|Any CPU.Build.0 = Release|Any CPU
		{4633EBC7-8810-41D5-94C2-BCB0014DD238}.Release|x64.ActiveCfg = Release|Any CPU
		{4633EBC7-8810-41D5-94C2-BCB0014DD238}.Release|x64.Build.0 = Release|Any CPU
		{4633EBC7-8810-41D5-94C2-BCB0014DD238}.Release|x86.ActiveCfg = Release|Any CPU
		{4633EBC7-8810-41D5-94C2-BCB0014DD238}.Release|x86.Build.0 = Release|Any CPU
		{C516D753-9EA9-4D2C-B2F1-0CC432123391}.Debug|Any CPU.ActiveCfg = Debug|Any CPU
		{C516D753-9EA9-4D2C-B2F1-0CC432123391}.Debug|Any CPU.Build.0 = Debug|Any CPU
		{C516D753-9EA9-4D2C-B2F1-0CC432123391}.Debug|x64.ActiveCfg = Debug|Any CPU
		{C516D753-9EA9-4D2C-B2F1-0CC432123391}.Debug|x64.Build.0 = Debug|Any CPU
		{C516D753-9EA9-4D2C-B2F1-0CC432123391}.Debug|x86.ActiveCfg = Debug|Any CPU
		{C516D753-9EA9-4D2C-B2F1-0CC432123391}.Debug|x86.Build.0 = Debug|Any CPU
		{C516D753-9EA9-4D2C-B2F1-0CC432123391}.Release|Any CPU.ActiveCfg = Release|Any CPU
		{C516D753-9EA9-4D2C-B2F1-0CC432123391}.Release|Any CPU.Build.0 = Release|Any CPU
		{C516D753-9EA9-4D2C-B2F1-0CC432123391}.Release|x64.ActiveCfg = Release|Any CPU
		{C516D753-9EA9-4D2C-B2F1-0CC432123391}.Release|x64.Build.0 = Release|Any CPU
		{C516D753-9EA9-4D2C-B2F1-0CC432123391}.Release|x86.ActiveCfg = Release|Any CPU
		{C516D753-9EA9-4D2C-B2F1-0CC432123391}.Release|x86.Build.0 = Release|Any CPU
		{2E911CCF-6DBA-458A-ADAA-BE851122A431}.Debug|Any CPU.ActiveCfg = Debug|Any CPU
		{2E911CCF-6DBA-458A-ADAA-BE851122A431}.Debug|Any CPU.Build.0 = Debug|Any CPU
		{2E911CCF-6DBA-458A-ADAA-BE851122A431}.Debug|x64.ActiveCfg = Debug|Any CPU
		{2E911CCF-6DBA-458A-ADAA-BE851122A431}.Debug|x64.Build.0 = Debug|Any CPU
		{2E911CCF-6DBA-458A-ADAA-BE851122A431}.Debug|x86.ActiveCfg = Debug|Any CPU
		{2E911CCF-6DBA-458A-ADAA-BE851122A431}.Debug|x86.Build.0 = Debug|Any CPU
		{2E911CCF-6DBA-458A-ADAA-BE851122A431}.Release|Any CPU.ActiveCfg = Release|Any CPU
		{2E911CCF-6DBA-458A-ADAA-BE851122A431}.Release|Any CPU.Build.0 = Release|Any CPU
		{2E911CCF-6DBA-458A-ADAA-BE851122A431}.Release|x64.ActiveCfg = Release|Any CPU
		{2E911CCF-6DBA-458A-ADAA-BE851122A431}.Release|x64.Build.0 = Release|Any CPU
		{2E911CCF-6DBA-458A-ADAA-BE851122A431}.Release|x86.ActiveCfg = Release|Any CPU
		{2E911CCF-6DBA-458A-ADAA-BE851122A431}.Release|x86.Build.0 = Release|Any CPU
		{7F5003F8-AA94-4F4F-BB99-53B5DC44C2DE}.Debug|Any CPU.ActiveCfg = Debug|Any CPU
		{7F5003F8-AA94-4F4F-BB99-53B5DC44C2DE}.Debug|Any CPU.Build.0 = Debug|Any CPU
		{7F5003F8-AA94-4F4F-BB99-53B5DC44C2DE}.Debug|x64.ActiveCfg = Debug|Any CPU
		{7F5003F8-AA94-4F4F-BB99-53B5DC44C2DE}.Debug|x64.Build.0 = Debug|Any CPU
		{7F5003F8-AA94-4F4F-BB99-53B5DC44C2DE}.Debug|x86.ActiveCfg = Debug|Any CPU
		{7F5003F8-AA94-4F4F-BB99-53B5DC44C2DE}.Debug|x86.Build.0 = Debug|Any CPU
		{7F5003F8-AA94-4F4F-BB99-53B5DC44C2DE}.Release|Any CPU.ActiveCfg = Release|Any CPU
		{7F5003F8-AA94-4F4F-BB99-53B5DC44C2DE}.Release|Any CPU.Build.0 = Release|Any CPU
		{7F5003F8-AA94-4F4F-BB99-53B5DC44C2DE}.Release|x64.ActiveCfg = Release|Any CPU
		{7F5003F8-AA94-4F4F-BB99-53B5DC44C2DE}.Release|x64.Build.0 = Release|Any CPU
		{7F5003F8-AA94-4F4F-BB99-53B5DC44C2DE}.Release|x86.ActiveCfg = Release|Any CPU
		{7F5003F8-AA94-4F4F-BB99-53B5DC44C2DE}.Release|x86.Build.0 = Release|Any CPU
		{3E1797AD-8EB2-46E7-BE8C-70161833BCE5}.Debug|Any CPU.ActiveCfg = Debug|Any CPU
		{3E1797AD-8EB2-46E7-BE8C-70161833BCE5}.Debug|Any CPU.Build.0 = Debug|Any CPU
		{3E1797AD-8EB2-46E7-BE8C-70161833BCE5}.Debug|x64.ActiveCfg = Debug|Any CPU
		{3E1797AD-8EB2-46E7-BE8C-70161833BCE5}.Debug|x64.Build.0 = Debug|Any CPU
		{3E1797AD-8EB2-46E7-BE8C-70161833BCE5}.Debug|x86.ActiveCfg = Debug|Any CPU
		{3E1797AD-8EB2-46E7-BE8C-70161833BCE5}.Debug|x86.Build.0 = Debug|Any CPU
		{3E1797AD-8EB2-46E7-BE8C-70161833BCE5}.Release|Any CPU.ActiveCfg = Release|Any CPU
		{3E1797AD-8EB2-46E7-BE8C-70161833BCE5}.Release|Any CPU.Build.0 = Release|Any CPU
		{3E1797AD-8EB2-46E7-BE8C-70161833BCE5}.Release|x64.ActiveCfg = Release|Any CPU
		{3E1797AD-8EB2-46E7-BE8C-70161833BCE5}.Release|x64.Build.0 = Release|Any CPU
		{3E1797AD-8EB2-46E7-BE8C-70161833BCE5}.Release|x86.ActiveCfg = Release|Any CPU
		{3E1797AD-8EB2-46E7-BE8C-70161833BCE5}.Release|x86.Build.0 = Release|Any CPU
		{E5506B4B-A1F2-4164-8307-B72F88C3165B}.Debug|Any CPU.ActiveCfg = Debug|Any CPU
		{E5506B4B-A1F2-4164-8307-B72F88C3165B}.Debug|Any CPU.Build.0 = Debug|Any CPU
		{E5506B4B-A1F2-4164-8307-B72F88C3165B}.Debug|x64.ActiveCfg = Debug|Any CPU
		{E5506B4B-A1F2-4164-8307-B72F88C3165B}.Debug|x64.Build.0 = Debug|Any CPU
		{E5506B4B-A1F2-4164-8307-B72F88C3165B}.Debug|x86.ActiveCfg = Debug|Any CPU
		{E5506B4B-A1F2-4164-8307-B72F88C3165B}.Debug|x86.Build.0 = Debug|Any CPU
		{E5506B4B-A1F2-4164-8307-B72F88C3165B}.Release|Any CPU.ActiveCfg = Release|Any CPU
		{E5506B4B-A1F2-4164-8307-B72F88C3165B}.Release|Any CPU.Build.0 = Release|Any CPU
		{E5506B4B-A1F2-4164-8307-B72F88C3165B}.Release|x64.ActiveCfg = Release|Any CPU
		{E5506B4B-A1F2-4164-8307-B72F88C3165B}.Release|x64.Build.0 = Release|Any CPU
		{E5506B4B-A1F2-4164-8307-B72F88C3165B}.Release|x86.ActiveCfg = Release|Any CPU
		{E5506B4B-A1F2-4164-8307-B72F88C3165B}.Release|x86.Build.0 = Release|Any CPU
		{FD3204D6-5F7C-4923-B546-417F2CD50002}.Debug|Any CPU.ActiveCfg = Debug|Any CPU
		{FD3204D6-5F7C-4923-B546-417F2CD50002}.Debug|Any CPU.Build.0 = Debug|Any CPU
		{FD3204D6-5F7C-4923-B546-417F2CD50002}.Debug|x64.ActiveCfg = Debug|Any CPU
		{FD3204D6-5F7C-4923-B546-417F2CD50002}.Debug|x64.Build.0 = Debug|Any CPU
		{FD3204D6-5F7C-4923-B546-417F2CD50002}.Debug|x86.ActiveCfg = Debug|Any CPU
		{FD3204D6-5F7C-4923-B546-417F2CD50002}.Debug|x86.Build.0 = Debug|Any CPU
		{FD3204D6-5F7C-4923-B546-417F2CD50002}.Release|Any CPU.ActiveCfg = Release|Any CPU
		{FD3204D6-5F7C-4923-B546-417F2CD50002}.Release|Any CPU.Build.0 = Release|Any CPU
		{FD3204D6-5F7C-4923-B546-417F2CD50002}.Release|x64.ActiveCfg = Release|Any CPU
		{FD3204D6-5F7C-4923-B546-417F2CD50002}.Release|x64.Build.0 = Release|Any CPU
		{FD3204D6-5F7C-4923-B546-417F2CD50002}.Release|x86.ActiveCfg = Release|Any CPU
		{FD3204D6-5F7C-4923-B546-417F2CD50002}.Release|x86.Build.0 = Release|Any CPU
		{93E315F7-77FA-427E-900E-E7EC015A37FA}.Debug|Any CPU.ActiveCfg = Debug|Any CPU
		{93E315F7-77FA-427E-900E-E7EC015A37FA}.Debug|Any CPU.Build.0 = Debug|Any CPU
		{93E315F7-77FA-427E-900E-E7EC015A37FA}.Debug|x64.ActiveCfg = Debug|Any CPU
		{93E315F7-77FA-427E-900E-E7EC015A37FA}.Debug|x64.Build.0 = Debug|Any CPU
		{93E315F7-77FA-427E-900E-E7EC015A37FA}.Debug|x86.ActiveCfg = Debug|Any CPU
		{93E315F7-77FA-427E-900E-E7EC015A37FA}.Debug|x86.Build.0 = Debug|Any CPU
		{93E315F7-77FA-427E-900E-E7EC015A37FA}.Release|Any CPU.ActiveCfg = Release|Any CPU
		{93E315F7-77FA-427E-900E-E7EC015A37FA}.Release|Any CPU.Build.0 = Release|Any CPU
		{93E315F7-77FA-427E-900E-E7EC015A37FA}.Release|x64.ActiveCfg = Release|Any CPU
		{93E315F7-77FA-427E-900E-E7EC015A37FA}.Release|x64.Build.0 = Release|Any CPU
		{93E315F7-77FA-427E-900E-E7EC015A37FA}.Release|x86.ActiveCfg = Release|Any CPU
		{93E315F7-77FA-427E-900E-E7EC015A37FA}.Release|x86.Build.0 = Release|Any CPU
		{C376128B-6C93-4B28-A510-ABD3DB5AAEF8}.Debug|Any CPU.ActiveCfg = Debug|Any CPU
		{C376128B-6C93-4B28-A510-ABD3DB5AAEF8}.Debug|Any CPU.Build.0 = Debug|Any CPU
		{C376128B-6C93-4B28-A510-ABD3DB5AAEF8}.Debug|x64.ActiveCfg = Debug|Any CPU
		{C376128B-6C93-4B28-A510-ABD3DB5AAEF8}.Debug|x64.Build.0 = Debug|Any CPU
		{C376128B-6C93-4B28-A510-ABD3DB5AAEF8}.Debug|x86.ActiveCfg = Debug|Any CPU
		{C376128B-6C93-4B28-A510-ABD3DB5AAEF8}.Debug|x86.Build.0 = Debug|Any CPU
		{C376128B-6C93-4B28-A510-ABD3DB5AAEF8}.Release|Any CPU.ActiveCfg = Release|Any CPU
		{C376128B-6C93-4B28-A510-ABD3DB5AAEF8}.Release|Any CPU.Build.0 = Release|Any CPU
		{C376128B-6C93-4B28-A510-ABD3DB5AAEF8}.Release|x64.ActiveCfg = Release|Any CPU
		{C376128B-6C93-4B28-A510-ABD3DB5AAEF8}.Release|x64.Build.0 = Release|Any CPU
		{C376128B-6C93-4B28-A510-ABD3DB5AAEF8}.Release|x86.ActiveCfg = Release|Any CPU
		{C376128B-6C93-4B28-A510-ABD3DB5AAEF8}.Release|x86.Build.0 = Release|Any CPU
		{00CF550C-568D-440B-B1E7-E9D9C9AF7400}.Debug|Any CPU.ActiveCfg = Debug|Any CPU
		{00CF550C-568D-440B-B1E7-E9D9C9AF7400}.Debug|Any CPU.Build.0 = Debug|Any CPU
		{00CF550C-568D-440B-B1E7-E9D9C9AF7400}.Debug|x64.ActiveCfg = Debug|Any CPU
		{00CF550C-568D-440B-B1E7-E9D9C9AF7400}.Debug|x64.Build.0 = Debug|Any CPU
		{00CF550C-568D-440B-B1E7-E9D9C9AF7400}.Debug|x86.ActiveCfg = Debug|Any CPU
		{00CF550C-568D-440B-B1E7-E9D9C9AF7400}.Debug|x86.Build.0 = Debug|Any CPU
		{00CF550C-568D-440B-B1E7-E9D9C9AF7400}.Release|Any CPU.ActiveCfg = Release|Any CPU
		{00CF550C-568D-440B-B1E7-E9D9C9AF7400}.Release|Any CPU.Build.0 = Release|Any CPU
		{00CF550C-568D-440B-B1E7-E9D9C9AF7400}.Release|x64.ActiveCfg = Release|Any CPU
		{00CF550C-568D-440B-B1E7-E9D9C9AF7400}.Release|x64.Build.0 = Release|Any CPU
		{00CF550C-568D-440B-B1E7-E9D9C9AF7400}.Release|x86.ActiveCfg = Release|Any CPU
		{00CF550C-568D-440B-B1E7-E9D9C9AF7400}.Release|x86.Build.0 = Release|Any CPU
		{17FF08F3-4D03-48DF-AEEA-414D2A3D7E4C}.Debug|Any CPU.ActiveCfg = Debug|Any CPU
		{17FF08F3-4D03-48DF-AEEA-414D2A3D7E4C}.Debug|Any CPU.Build.0 = Debug|Any CPU
		{17FF08F3-4D03-48DF-AEEA-414D2A3D7E4C}.Debug|x64.ActiveCfg = Debug|Any CPU
		{17FF08F3-4D03-48DF-AEEA-414D2A3D7E4C}.Debug|x64.Build.0 = Debug|Any CPU
		{17FF08F3-4D03-48DF-AEEA-414D2A3D7E4C}.Debug|x86.ActiveCfg = Debug|Any CPU
		{17FF08F3-4D03-48DF-AEEA-414D2A3D7E4C}.Debug|x86.Build.0 = Debug|Any CPU
		{17FF08F3-4D03-48DF-AEEA-414D2A3D7E4C}.Release|Any CPU.ActiveCfg = Release|Any CPU
		{17FF08F3-4D03-48DF-AEEA-414D2A3D7E4C}.Release|Any CPU.Build.0 = Release|Any CPU
		{17FF08F3-4D03-48DF-AEEA-414D2A3D7E4C}.Release|x64.ActiveCfg = Release|Any CPU
		{17FF08F3-4D03-48DF-AEEA-414D2A3D7E4C}.Release|x64.Build.0 = Release|Any CPU
		{17FF08F3-4D03-48DF-AEEA-414D2A3D7E4C}.Release|x86.ActiveCfg = Release|Any CPU
		{17FF08F3-4D03-48DF-AEEA-414D2A3D7E4C}.Release|x86.Build.0 = Release|Any CPU
		{3E7D8EB7-A3A8-4B02-8003-914CAF69BBEE}.Debug|Any CPU.ActiveCfg = Debug|Any CPU
		{3E7D8EB7-A3A8-4B02-8003-914CAF69BBEE}.Debug|Any CPU.Build.0 = Debug|Any CPU
		{3E7D8EB7-A3A8-4B02-8003-914CAF69BBEE}.Debug|x64.ActiveCfg = Debug|Any CPU
		{3E7D8EB7-A3A8-4B02-8003-914CAF69BBEE}.Debug|x64.Build.0 = Debug|Any CPU
		{3E7D8EB7-A3A8-4B02-8003-914CAF69BBEE}.Debug|x86.ActiveCfg = Debug|Any CPU
		{3E7D8EB7-A3A8-4B02-8003-914CAF69BBEE}.Debug|x86.Build.0 = Debug|Any CPU
		{3E7D8EB7-A3A8-4B02-8003-914CAF69BBEE}.Release|Any CPU.ActiveCfg = Release|Any CPU
		{3E7D8EB7-A3A8-4B02-8003-914CAF69BBEE}.Release|Any CPU.Build.0 = Release|Any CPU
		{3E7D8EB7-A3A8-4B02-8003-914CAF69BBEE}.Release|x64.ActiveCfg = Release|Any CPU
		{3E7D8EB7-A3A8-4B02-8003-914CAF69BBEE}.Release|x64.Build.0 = Release|Any CPU
		{3E7D8EB7-A3A8-4B02-8003-914CAF69BBEE}.Release|x86.ActiveCfg = Release|Any CPU
		{3E7D8EB7-A3A8-4B02-8003-914CAF69BBEE}.Release|x86.Build.0 = Release|Any CPU
		{2238BFF3-73B9-4EEC-A12C-60B0E686AE90}.Debug|Any CPU.ActiveCfg = Debug|Any CPU
		{2238BFF3-73B9-4EEC-A12C-60B0E686AE90}.Debug|Any CPU.Build.0 = Debug|Any CPU
		{2238BFF3-73B9-4EEC-A12C-60B0E686AE90}.Debug|x64.ActiveCfg = Debug|Any CPU
		{2238BFF3-73B9-4EEC-A12C-60B0E686AE90}.Debug|x64.Build.0 = Debug|Any CPU
		{2238BFF3-73B9-4EEC-A12C-60B0E686AE90}.Debug|x86.ActiveCfg = Debug|Any CPU
		{2238BFF3-73B9-4EEC-A12C-60B0E686AE90}.Debug|x86.Build.0 = Debug|Any CPU
		{2238BFF3-73B9-4EEC-A12C-60B0E686AE90}.Release|Any CPU.ActiveCfg = Release|Any CPU
		{2238BFF3-73B9-4EEC-A12C-60B0E686AE90}.Release|Any CPU.Build.0 = Release|Any CPU
		{2238BFF3-73B9-4EEC-A12C-60B0E686AE90}.Release|x64.ActiveCfg = Release|Any CPU
		{2238BFF3-73B9-4EEC-A12C-60B0E686AE90}.Release|x64.Build.0 = Release|Any CPU
		{2238BFF3-73B9-4EEC-A12C-60B0E686AE90}.Release|x86.ActiveCfg = Release|Any CPU
		{2238BFF3-73B9-4EEC-A12C-60B0E686AE90}.Release|x86.Build.0 = Release|Any CPU
		{5E287B5F-8D86-4E3E-829E-2253E3BB0053}.Debug|Any CPU.ActiveCfg = Debug|Any CPU
		{5E287B5F-8D86-4E3E-829E-2253E3BB0053}.Debug|Any CPU.Build.0 = Debug|Any CPU
		{5E287B5F-8D86-4E3E-829E-2253E3BB0053}.Debug|x64.ActiveCfg = Debug|Any CPU
		{5E287B5F-8D86-4E3E-829E-2253E3BB0053}.Debug|x64.Build.0 = Debug|Any CPU
		{5E287B5F-8D86-4E3E-829E-2253E3BB0053}.Debug|x86.ActiveCfg = Debug|Any CPU
		{5E287B5F-8D86-4E3E-829E-2253E3BB0053}.Debug|x86.Build.0 = Debug|Any CPU
		{5E287B5F-8D86-4E3E-829E-2253E3BB0053}.Release|Any CPU.ActiveCfg = Release|Any CPU
		{5E287B5F-8D86-4E3E-829E-2253E3BB0053}.Release|Any CPU.Build.0 = Release|Any CPU
		{5E287B5F-8D86-4E3E-829E-2253E3BB0053}.Release|x64.ActiveCfg = Release|Any CPU
		{5E287B5F-8D86-4E3E-829E-2253E3BB0053}.Release|x64.Build.0 = Release|Any CPU
		{5E287B5F-8D86-4E3E-829E-2253E3BB0053}.Release|x86.ActiveCfg = Release|Any CPU
		{5E287B5F-8D86-4E3E-829E-2253E3BB0053}.Release|x86.Build.0 = Release|Any CPU
		{30D370DD-23F3-4A7E-9196-F4D43F778761}.Debug|Any CPU.ActiveCfg = Debug|Any CPU
		{30D370DD-23F3-4A7E-9196-F4D43F778761}.Debug|Any CPU.Build.0 = Debug|Any CPU
		{30D370DD-23F3-4A7E-9196-F4D43F778761}.Debug|x64.ActiveCfg = Debug|Any CPU
		{30D370DD-23F3-4A7E-9196-F4D43F778761}.Debug|x64.Build.0 = Debug|Any CPU
		{30D370DD-23F3-4A7E-9196-F4D43F778761}.Debug|x86.ActiveCfg = Debug|Any CPU
		{30D370DD-23F3-4A7E-9196-F4D43F778761}.Debug|x86.Build.0 = Debug|Any CPU
		{30D370DD-23F3-4A7E-9196-F4D43F778761}.Release|Any CPU.ActiveCfg = Release|Any CPU
		{30D370DD-23F3-4A7E-9196-F4D43F778761}.Release|Any CPU.Build.0 = Release|Any CPU
		{30D370DD-23F3-4A7E-9196-F4D43F778761}.Release|x64.ActiveCfg = Release|Any CPU
		{30D370DD-23F3-4A7E-9196-F4D43F778761}.Release|x64.Build.0 = Release|Any CPU
		{30D370DD-23F3-4A7E-9196-F4D43F778761}.Release|x86.ActiveCfg = Release|Any CPU
		{30D370DD-23F3-4A7E-9196-F4D43F778761}.Release|x86.Build.0 = Release|Any CPU
		{FAC00478-8039-461D-8EF4-24A112EA198F}.Debug|Any CPU.ActiveCfg = Debug|Any CPU
		{FAC00478-8039-461D-8EF4-24A112EA198F}.Debug|Any CPU.Build.0 = Debug|Any CPU
		{FAC00478-8039-461D-8EF4-24A112EA198F}.Debug|x64.ActiveCfg = Debug|Any CPU
		{FAC00478-8039-461D-8EF4-24A112EA198F}.Debug|x64.Build.0 = Debug|Any CPU
		{FAC00478-8039-461D-8EF4-24A112EA198F}.Debug|x86.ActiveCfg = Debug|Any CPU
		{FAC00478-8039-461D-8EF4-24A112EA198F}.Debug|x86.Build.0 = Debug|Any CPU
		{FAC00478-8039-461D-8EF4-24A112EA198F}.Release|Any CPU.ActiveCfg = Release|Any CPU
		{FAC00478-8039-461D-8EF4-24A112EA198F}.Release|Any CPU.Build.0 = Release|Any CPU
		{FAC00478-8039-461D-8EF4-24A112EA198F}.Release|x64.ActiveCfg = Release|Any CPU
		{FAC00478-8039-461D-8EF4-24A112EA198F}.Release|x64.Build.0 = Release|Any CPU
		{FAC00478-8039-461D-8EF4-24A112EA198F}.Release|x86.ActiveCfg = Release|Any CPU
		{FAC00478-8039-461D-8EF4-24A112EA198F}.Release|x86.Build.0 = Release|Any CPU
	EndGlobalSection
	GlobalSection(SolutionProperties) = preSolution
		HideSolutionNode = FALSE
	EndGlobalSection
	GlobalSection(NestedProjects) = preSolution
		{74BF30D2-5567-7E21-0AB8-890B8E2F4532} = {5854FF58-B8C5-05C6-5BF2-ACE42193F22B}
		{9EA83EBA-B44F-30C3-69A8-E731DD213924} = {74BF30D2-5567-7E21-0AB8-890B8E2F4532}
		{4633EBC7-8810-41D5-94C2-BCB0014DD238} = {9EA83EBA-B44F-30C3-69A8-E731DD213924}
		{A11E8D2C-1E34-6671-EC16-5CF270E85870} = {5854FF58-B8C5-05C6-5BF2-ACE42193F22B}
		{E588C7A0-8E09-F5A7-A398-F9D2E6ACBF2D} = {A11E8D2C-1E34-6671-EC16-5CF270E85870}
		{C516D753-9EA9-4D2C-B2F1-0CC432123391} = {E588C7A0-8E09-F5A7-A398-F9D2E6ACBF2D}
		{A86387A1-6CB7-E87F-8D97-922B56EDCEFC} = {5854FF58-B8C5-05C6-5BF2-ACE42193F22B}
		{B16E37B7-9997-3A69-15CC-2776E4DDC1AC} = {A86387A1-6CB7-E87F-8D97-922B56EDCEFC}
		{2E911CCF-6DBA-458A-ADAA-BE851122A431} = {B16E37B7-9997-3A69-15CC-2776E4DDC1AC}
		{C11069B0-78FC-CF9E-9D65-12F697A0DBA7} = {5854FF58-B8C5-05C6-5BF2-ACE42193F22B}
		{3BF257AD-52FD-D1B4-C469-F272D6688222} = {C11069B0-78FC-CF9E-9D65-12F697A0DBA7}
		{7F5003F8-AA94-4F4F-BB99-53B5DC44C2DE} = {3BF257AD-52FD-D1B4-C469-F272D6688222}
		{B1FC9596-F9B4-D19A-EBF5-4E2EF4B587FD} = {5854FF58-B8C5-05C6-5BF2-ACE42193F22B}
		{9DFD78BA-D1D0-E637-C6AC-04F1B1457CB5} = {B1FC9596-F9B4-D19A-EBF5-4E2EF4B587FD}
		{3E1797AD-8EB2-46E7-BE8C-70161833BCE5} = {9DFD78BA-D1D0-E637-C6AC-04F1B1457CB5}
		{5E2CB670-2A91-A921-91B6-C7578B4DCEC0} = {5854FF58-B8C5-05C6-5BF2-ACE42193F22B}
		{31192AE9-F51B-AEBD-33CE-1EA9C36E4389} = {5E2CB670-2A91-A921-91B6-C7578B4DCEC0}
		{E5506B4B-A1F2-4164-8307-B72F88C3165B} = {31192AE9-F51B-AEBD-33CE-1EA9C36E4389}
		{36B80E85-59D1-B8DB-3000-F28FAA5F755B} = {5854FF58-B8C5-05C6-5BF2-ACE42193F22B}
		{7899226C-8785-E78D-3674-D3A394709675} = {36B80E85-59D1-B8DB-3000-F28FAA5F755B}
		{FD3204D6-5F7C-4923-B546-417F2CD50002} = {7899226C-8785-E78D-3674-D3A394709675}
		{B243012A-2D8B-010F-8D43-330B6A1CD5A6} = {5854FF58-B8C5-05C6-5BF2-ACE42193F22B}
		{7819F573-34DF-00F8-31D3-EB3D1AB759CE} = {B243012A-2D8B-010F-8D43-330B6A1CD5A6}
		{93E315F7-77FA-427E-900E-E7EC015A37FA} = {7819F573-34DF-00F8-31D3-EB3D1AB759CE}
		{271899DC-7A54-9353-8564-15A2B03681EC} = {74BF30D2-5567-7E21-0AB8-890B8E2F4532}
		{C376128B-6C93-4B28-A510-ABD3DB5AAEF8} = {271899DC-7A54-9353-8564-15A2B03681EC}
		{BD0D32FA-C7BA-02D7-8012-B8DFED9A4DCE} = {A11E8D2C-1E34-6671-EC16-5CF270E85870}
		{00CF550C-568D-440B-B1E7-E9D9C9AF7400} = {BD0D32FA-C7BA-02D7-8012-B8DFED9A4DCE}
		{8B9A4CE7-C63C-2C30-32DD-7937E6868EBD} = {A86387A1-6CB7-E87F-8D97-922B56EDCEFC}
		{17FF08F3-4D03-48DF-AEEA-414D2A3D7E4C} = {8B9A4CE7-C63C-2C30-32DD-7937E6868EBD}
		{27654D0E-123A-20BD-DB97-6CFB470F3F5D} = {36B80E85-59D1-B8DB-3000-F28FAA5F755B}
		{3E7D8EB7-A3A8-4B02-8003-914CAF69BBEE} = {27654D0E-123A-20BD-DB97-6CFB470F3F5D}
		{30C5FC91-BAB3-7698-36C1-39A02EFCC7C0} = {C11069B0-78FC-CF9E-9D65-12F697A0DBA7}
		{2238BFF3-73B9-4EEC-A12C-60B0E686AE90} = {30C5FC91-BAB3-7698-36C1-39A02EFCC7C0}
		{BDC9CAC1-30FE-134D-E607-07DEC290A202} = {B1FC9596-F9B4-D19A-EBF5-4E2EF4B587FD}
		{5E287B5F-8D86-4E3E-829E-2253E3BB0053} = {BDC9CAC1-30FE-134D-E607-07DEC290A202}
		{6F5FA5BE-A3C2-5CC3-5E5C-525EC6EF42C6} = {B243012A-2D8B-010F-8D43-330B6A1CD5A6}
		{30D370DD-23F3-4A7E-9196-F4D43F778761} = {6F5FA5BE-A3C2-5CC3-5E5C-525EC6EF42C6}
		{812B3FD7-7E4F-A54F-991E-5AF307273D5F} = {5E2CB670-2A91-A921-91B6-C7578B4DCEC0}
		{FAC00478-8039-461D-8EF4-24A112EA198F} = {812B3FD7-7E4F-A54F-991E-5AF307273D5F}
	EndGlobalSection
EndGlobal
