
Microsoft Visual Studio Solution File, Format Version 12.00
# Visual Studio Version 17
VisualStudioVersion = 17.0.31903.59
MinimumVisualStudioVersion = 10.0.40219.1
Project("{2150E333-8FDC-42A3-9474-1A3956D46DE8}") = "services", "services", "{5854FF58-B8C5-05C6-5BF2-ACE42193F22B}"
EndProject
Project("{2150E333-8FDC-42A3-9474-1A3956D46DE8}") = "accommodation-service", "accommodation-service", "{74BF30D2-5567-7E21-0AB8-890B8E2F4532}"
EndProject
Project("{2150E333-8FDC-42A3-9474-1A3956D46DE8}") = "src", "src", "{9EA83EBA-B44F-30C3-69A8-E731DD213924}"
EndProject
Project("{FAE04EC0-301F-11D3-BF4B-00C04F79EFBC}") = "AccommodationService.Domain", "services\accommodation-service\src\AccommodationService.Domain\AccommodationService.Domain.csproj", "{0F3150D6-BC75-4F52-8DB2-9CF5C28DAFD1}"
EndProject
Project("{FAE04EC0-301F-11D3-BF4B-00C04F79EFBC}") = "AccommodationService.Infrastructure", "services\accommodation-service\src\AccommodationService.Infrastructure\AccommodationService.Infrastructure.csproj", "{825EF6F0-0A82-4CC9-82C3-1D328A79BFCF}"
EndProject
Project("{FAE04EC0-301F-11D3-BF4B-00C04F79EFBC}") = "AccommodationService.Api", "services\accommodation-service\src\AccommodationService.Api\AccommodationService.Api.csproj", "{5FB9FAC3-E905-43FF-AAEB-1A90D057F6A1}"
EndProject
Project("{2150E333-8FDC-42A3-9474-1A3956D46DE8}") = "tests", "tests", "{271899DC-7A54-9353-8564-15A2B03681EC}"
EndProject
Project("{FAE04EC0-301F-11D3-BF4B-00C04F79EFBC}") = "AccommodationService.Tests", "services\accommodation-service\tests\AccommodationService.Tests\AccommodationService.Tests.csproj", "{D1E377CF-3E16-421E-8370-6A1F68C1F214}"
EndProject
Project("{2150E333-8FDC-42A3-9474-1A3956D46DE8}") = "availability-service", "availability-service", "{A11E8D2C-1E34-6671-EC16-5CF270E85870}"
EndProject
Project("{2150E333-8FDC-42A3-9474-1A3956D46DE8}") = "src", "src", "{E588C7A0-8E09-F5A7-A398-F9D2E6ACBF2D}"
EndProject
Project("{FAE04EC0-301F-11D3-BF4B-00C04F79EFBC}") = "AvailabilityService.Domain", "services\availability-service\src\AvailabilityService.Domain\AvailabilityService.Domain.csproj", "{A4EF351F-1228-47AB-8E74-996F11E620A9}"
EndProject
Project("{FAE04EC0-301F-11D3-BF4B-00C04F79EFBC}") = "AvailabilityService.Infrastructure", "services\availability-service\src\AvailabilityService.Infrastructure\AvailabilityService.Infrastructure.csproj", "{3BE0FA97-73BB-4040-BDDF-C31C73649CFD}"
EndProject
Project("{FAE04EC0-301F-11D3-BF4B-00C04F79EFBC}") = "AvailabilityService.Api", "services\availability-service\src\AvailabilityService.Api\AvailabilityService.Api.csproj", "{3B3A15D7-37A6-4B6E-A80A-4402DAF8FA29}"
EndProject
Project("{2150E333-8FDC-42A3-9474-1A3956D46DE8}") = "tests", "tests", "{BD0D32FA-C7BA-02D7-8012-B8DFED9A4DCE}"
EndProject
Project("{FAE04EC0-301F-11D3-BF4B-00C04F79EFBC}") = "AvailabilityService.Tests", "services\availability-service\tests\AvailabilityService.Tests\AvailabilityService.Tests.csproj", "{4B9F4FB6-EB90-40ED-8AA9-090DFF60168A}"
EndProject
Project("{2150E333-8FDC-42A3-9474-1A3956D46DE8}") = "cdn-service", "cdn-service", "{36B80E85-59D1-B8DB-3000-F28FAA5F755B}"
EndProject
Project("{2150E333-8FDC-42A3-9474-1A3956D46DE8}") = "src", "src", "{7899226C-8785-E78D-3674-D3A394709675}"
EndProject
Project("{FAE04EC0-301F-11D3-BF4B-00C04F79EFBC}") = "CdnService.Domain", "services\cdn-service\src\CdnService.Domain\CdnService.Domain.csproj", "{B844DB4A-E4CB-478B-94FF-5EE8BAB8261F}"
EndProject
Project("{FAE04EC0-301F-11D3-BF4B-00C04F79EFBC}") = "CdnService.Infrastructure", "services\cdn-service\src\CdnService.Infrastructure\CdnService.Infrastructure.csproj", "{7D51BC29-FD1E-45E4-BDC0-A5AB5EB8C765}"
EndProject
Project("{FAE04EC0-301F-11D3-BF4B-00C04F79EFBC}") = "CdnService.Api", "services\cdn-service\src\CdnService.Api\CdnService.Api.csproj", "{A9AA6225-0B18-4C68-BE9A-6E0EA7D80D33}"
EndProject
Project("{2150E333-8FDC-42A3-9474-1A3956D46DE8}") = "tests", "tests", "{27654D0E-123A-20BD-DB97-6CFB470F3F5D}"
EndProject
Project("{FAE04EC0-301F-11D3-BF4B-00C04F79EFBC}") = "CdnService.Tests", "services\cdn-service\tests\CdnService.Tests\CdnService.Tests.csproj", "{76C237CA-8038-496E-8C35-59EE00D70E31}"
EndProject
Project("{2150E333-8FDC-42A3-9474-1A3956D46DE8}") = "identity-service", "identity-service", "{A86387A1-6CB7-E87F-8D97-922B56EDCEFC}"
EndProject
Project("{2150E333-8FDC-42A3-9474-1A3956D46DE8}") = "src", "src", "{B16E37B7-9997-3A69-15CC-2776E4DDC1AC}"
EndProject
Project("{FAE04EC0-301F-11D3-BF4B-00C04F79EFBC}") = "IdentityService.Domain", "services\identity-service\src\IdentityService.Domain\IdentityService.Domain.csproj", "{14E9F36F-AFBB-4D62-9724-2EF8AD971ACD}"
EndProject
Project("{FAE04EC0-301F-11D3-BF4B-00C04F79EFBC}") = "IdentityService.Infrastructure", "services\identity-service\src\IdentityService.Infrastructure\IdentityService.Infrastructure.csproj", "{E13CCCB8-8603-4B4B-B025-D60AF9763B2D}"
EndProject
Project("{FAE04EC0-301F-11D3-BF4B-00C04F79EFBC}") = "IdentityService.Api", "services\identity-service\src\IdentityService.Api\IdentityService.Api.csproj", "{41F243AF-4323-43AD-A8BC-63EF9594FF5E}"
EndProject
Project("{2150E333-8FDC-42A3-9474-1A3956D46DE8}") = "tests", "tests", "{8B9A4CE7-C63C-2C30-32DD-7937E6868EBD}"
EndProject
Project("{FAE04EC0-301F-11D3-BF4B-00C04F79EFBC}") = "IdentityService.Tests", "services\identity-service\tests\IdentityService.Tests\IdentityService.Tests.csproj", "{F02776CA-07C3-445E-AE84-0AFEA54189AA}"
EndProject
Project("{2150E333-8FDC-42A3-9474-1A3956D46DE8}") = "notification-service", "notification-service", "{C11069B0-78FC-CF9E-9D65-12F697A0DBA7}"
EndProject
Project("{2150E333-8FDC-42A3-9474-1A3956D46DE8}") = "src", "src", "{3BF257AD-52FD-D1B4-C469-F272D6688222}"
EndProject
Project("{FAE04EC0-301F-11D3-BF4B-00C04F79EFBC}") = "NotificationService.Domain", "services\notification-service\src\NotificationService.Domain\NotificationService.Domain.csproj", "{772A6728-66C4-4F7E-9344-0B4F2FE44FBC}"
EndProject
Project("{FAE04EC0-301F-11D3-BF4B-00C04F79EFBC}") = "NotificationService.Infrastructure", "services\notification-service\src\NotificationService.Infrastructure\NotificationService.Infrastructure.csproj", "{43A00979-870C-4BAD-AC8D-0A86884499CC}"
EndProject
Project("{FAE04EC0-301F-11D3-BF4B-00C04F79EFBC}") = "NotificationService.Api", "services\notification-service\src\NotificationService.Api\NotificationService.Api.csproj", "{21E5B23A-CDD8-4037-875F-81D87667AD0A}"
EndProject
Project("{2150E333-8FDC-42A3-9474-1A3956D46DE8}") = "tests", "tests", "{30C5FC91-BAB3-7698-36C1-39A02EFCC7C0}"
EndProject
Project("{FAE04EC0-301F-11D3-BF4B-00C04F79EFBC}") = "NotificationService.Tests", "services\notification-service\tests\NotificationService.Tests\NotificationService.Tests.csproj", "{9B10EB12-2611-4096-8668-A66A736A60DB}"
EndProject
Project("{2150E333-8FDC-42A3-9474-1A3956D46DE8}") = "rating-service", "rating-service", "{B1FC9596-F9B4-D19A-EBF5-4E2EF4B587FD}"
EndProject
Project("{2150E333-8FDC-42A3-9474-1A3956D46DE8}") = "src", "src", "{9DFD78BA-D1D0-E637-C6AC-04F1B1457CB5}"
EndProject
Project("{FAE04EC0-301F-11D3-BF4B-00C04F79EFBC}") = "RatingService.Domain", "services\rating-service\src\RatingService.Domain\RatingService.Domain.csproj", "{2C07A4ED-27C6-4D1E-B52B-9A1B6DEBC8EB}"
EndProject
Project("{FAE04EC0-301F-11D3-BF4B-00C04F79EFBC}") = "RatingService.Infrastructure", "services\rating-service\src\RatingService.Infrastructure\RatingService.Infrastructure.csproj", "{56C0FA83-246E-4918-8596-55A78FD14CDF}"
EndProject
Project("{FAE04EC0-301F-11D3-BF4B-00C04F79EFBC}") = "RatingService.Api", "services\rating-service\src\RatingService.Api\RatingService.Api.csproj", "{C6AD4929-0CC7-4937-A0AC-DBC39EC5CA6F}"
EndProject
Project("{2150E333-8FDC-42A3-9474-1A3956D46DE8}") = "tests", "tests", "{BDC9CAC1-30FE-134D-E607-07DEC290A202}"
EndProject
Project("{FAE04EC0-301F-11D3-BF4B-00C04F79EFBC}") = "RatingService.Tests", "services\rating-service\tests\RatingService.Tests\RatingService.Tests.csproj", "{A21FC67F-BD78-484B-B439-6CBD80083926}"
EndProject
Project("{2150E333-8FDC-42A3-9474-1A3956D46DE8}") = "reservation-service", "reservation-service", "{B243012A-2D8B-010F-8D43-330B6A1CD5A6}"
EndProject
Project("{2150E333-8FDC-42A3-9474-1A3956D46DE8}") = "src", "src", "{7819F573-34DF-00F8-31D3-EB3D1AB759CE}"
EndProject
Project("{FAE04EC0-301F-11D3-BF4B-00C04F79EFBC}") = "ReservationService.Domain", "services\reservation-service\src\ReservationService.Domain\ReservationService.Domain.csproj", "{DD5031BB-B1CE-4BE5-816B-A803E72E8AD7}"
EndProject
Project("{FAE04EC0-301F-11D3-BF4B-00C04F79EFBC}") = "ReservationService.Infrastructure", "services\reservation-service\src\ReservationService.Infrastructure\ReservationService.Infrastructure.csproj", "{364CACBB-121C-4A6F-A7F0-9188BA74FAA2}"
EndProject
Project("{FAE04EC0-301F-11D3-BF4B-00C04F79EFBC}") = "ReservationService.Api", "services\reservation-service\src\ReservationService.Api\ReservationService.Api.csproj", "{6879825C-A63E-40BE-8A84-217B00534D60}"
EndProject
Project("{2150E333-8FDC-42A3-9474-1A3956D46DE8}") = "tests", "tests", "{6F5FA5BE-A3C2-5CC3-5E5C-525EC6EF42C6}"
EndProject
Project("{FAE04EC0-301F-11D3-BF4B-00C04F79EFBC}") = "ReservationService.Tests", "services\reservation-service\tests\ReservationService.Tests\ReservationService.Tests.csproj", "{04615909-69F4-4A91-AA71-5767CDA88C12}"
EndProject
Project("{2150E333-8FDC-42A3-9474-1A3956D46DE8}") = "search-service", "search-service", "{5E2CB670-2A91-A921-91B6-C7578B4DCEC0}"
EndProject
Project("{2150E333-8FDC-42A3-9474-1A3956D46DE8}") = "src", "src", "{31192AE9-F51B-AEBD-33CE-1EA9C36E4389}"
EndProject
Project("{FAE04EC0-301F-11D3-BF4B-00C04F79EFBC}") = "SearchService.Domain", "services\search-service\src\SearchService.Domain\SearchService.Domain.csproj", "{41BC239E-AACB-4153-930F-89B64DAD03F0}"
EndProject
Project("{FAE04EC0-301F-11D3-BF4B-00C04F79EFBC}") = "SearchService.Infrastructure", "services\search-service\src\SearchService.Infrastructure\SearchService.Infrastructure.csproj", "{FE380E12-9B1F-4D62-86D7-613B9D646C91}"
EndProject
Project("{FAE04EC0-301F-11D3-BF4B-00C04F79EFBC}") = "SearchService.Api", "services\search-service\src\SearchService.Api\SearchService.Api.csproj", "{A7C008AC-2875-4A38-9290-2E4EB5D1B75A}"
EndProject
Project("{2150E333-8FDC-42A3-9474-1A3956D46DE8}") = "tests", "tests", "{812B3FD7-7E4F-A54F-991E-5AF307273D5F}"
EndProject
Project("{FAE04EC0-301F-11D3-BF4B-00C04F79EFBC}") = "SearchService.Tests", "services\search-service\tests\SearchService.Tests\SearchService.Tests.csproj", "{961F675C-72B2-419C-97F5-320B01253952}"
EndProject
Global
	GlobalSection(SolutionConfigurationPlatforms) = preSolution
		Debug|Any CPU = Debug|Any CPU
		Debug|x64 = Debug|x64
		Debug|x86 = Debug|x86
		Release|Any CPU = Release|Any CPU
		Release|x64 = Release|x64
		Release|x86 = Release|x86
	EndGlobalSection
	GlobalSection(ProjectConfigurationPlatforms) = postSolution
		{0F3150D6-BC75-4F52-8DB2-9CF5C28DAFD1}.Debug|Any CPU.ActiveCfg = Debug|Any CPU
		{0F3150D6-BC75-4F52-8DB2-9CF5C28DAFD1}.Debug|Any CPU.Build.0 = Debug|Any CPU
		{0F3150D6-BC75-4F52-8DB2-9CF5C28DAFD1}.Debug|x64.ActiveCfg = Debug|Any CPU
		{0F3150D6-BC75-4F52-8DB2-9CF5C28DAFD1}.Debug|x64.Build.0 = Debug|Any CPU
		{0F3150D6-BC75-4F52-8DB2-9CF5C28DAFD1}.Debug|x86.ActiveCfg = Debug|Any CPU
		{0F3150D6-BC75-4F52-8DB2-9CF5C28DAFD1}.Debug|x86.Build.0 = Debug|Any CPU
		{0F3150D6-BC75-4F52-8DB2-9CF5C28DAFD1}.Release|Any CPU.ActiveCfg = Release|Any CPU
		{0F3150D6-BC75-4F52-8DB2-9CF5C28DAFD1}.Release|Any CPU.Build.0 = Release|Any CPU
		{0F3150D6-BC75-4F52-8DB2-9CF5C28DAFD1}.Release|x64.ActiveCfg = Release|Any CPU
		{0F3150D6-BC75-4F52-8DB2-9CF5C28DAFD1}.Release|x64.Build.0 = Release|Any CPU
		{0F3150D6-BC75-4F52-8DB2-9CF5C28DAFD1}.Release|x86.ActiveCfg = Release|Any CPU
		{0F3150D6-BC75-4F52-8DB2-9CF5C28DAFD1}.Release|x86.Build.0 = Release|Any CPU
		{825EF6F0-0A82-4CC9-82C3-1D328A79BFCF}.Debug|Any CPU.ActiveCfg = Debug|Any CPU
		{825EF6F0-0A82-4CC9-82C3-1D328A79BFCF}.Debug|Any CPU.Build.0 = Debug|Any CPU
		{825EF6F0-0A82-4CC9-82C3-1D328A79BFCF}.Debug|x64.ActiveCfg = Debug|Any CPU
		{825EF6F0-0A82-4CC9-82C3-1D328A79BFCF}.Debug|x64.Build.0 = Debug|Any CPU
		{825EF6F0-0A82-4CC9-82C3-1D328A79BFCF}.Debug|x86.ActiveCfg = Debug|Any CPU
		{825EF6F0-0A82-4CC9-82C3-1D328A79BFCF}.Debug|x86.Build.0 = Debug|Any CPU
		{825EF6F0-0A82-4CC9-82C3-1D328A79BFCF}.Release|Any CPU.ActiveCfg = Release|Any CPU
		{825EF6F0-0A82-4CC9-82C3-1D328A79BFCF}.Release|Any CPU.Build.0 = Release|Any CPU
		{825EF6F0-0A82-4CC9-82C3-1D328A79BFCF}.Release|x64.ActiveCfg = Release|Any CPU
		{825EF6F0-0A82-4CC9-82C3-1D328A79BFCF}.Release|x64.Build.0 = Release|Any CPU
		{825EF6F0-0A82-4CC9-82C3-1D328A79BFCF}.Release|x86.ActiveCfg = Release|Any CPU
		{825EF6F0-0A82-4CC9-82C3-1D328A79BFCF}.Release|x86.Build.0 = Release|Any CPU
		{5FB9FAC3-E905-43FF-AAEB-1A90D057F6A1}.Debug|Any CPU.ActiveCfg = Debug|Any CPU
		{5FB9FAC3-E905-43FF-AAEB-1A90D057F6A1}.Debug|Any CPU.Build.0 = Debug|Any CPU
		{5FB9FAC3-E905-43FF-AAEB-1A90D057F6A1}.Debug|x64.ActiveCfg = Debug|Any CPU
		{5FB9FAC3-E905-43FF-AAEB-1A90D057F6A1}.Debug|x64.Build.0 = Debug|Any CPU
		{5FB9FAC3-E905-43FF-AAEB-1A90D057F6A1}.Debug|x86.ActiveCfg = Debug|Any CPU
		{5FB9FAC3-E905-43FF-AAEB-1A90D057F6A1}.Debug|x86.Build.0 = Debug|Any CPU
		{5FB9FAC3-E905-43FF-AAEB-1A90D057F6A1}.Release|Any CPU.ActiveCfg = Release|Any CPU
		{5FB9FAC3-E905-43FF-AAEB-1A90D057F6A1}.Release|Any CPU.Build.0 = Release|Any CPU
		{5FB9FAC3-E905-43FF-AAEB-1A90D057F6A1}.Release|x64.ActiveCfg = Release|Any CPU
		{5FB9FAC3-E905-43FF-AAEB-1A90D057F6A1}.Release|x64.Build.0 = Release|Any CPU
		{5FB9FAC3-E905-43FF-AAEB-1A90D057F6A1}.Release|x86.ActiveCfg = Release|Any CPU
		{5FB9FAC3-E905-43FF-AAEB-1A90D057F6A1}.Release|x86.Build.0 = Release|Any CPU
		{D1E377CF-3E16-421E-8370-6A1F68C1F214}.Debug|Any CPU.ActiveCfg = Debug|Any CPU
		{D1E377CF-3E16-421E-8370-6A1F68C1F214}.Debug|Any CPU.Build.0 = Debug|Any CPU
		{D1E377CF-3E16-421E-8370-6A1F68C1F214}.Debug|x64.ActiveCfg = Debug|Any CPU
		{D1E377CF-3E16-421E-8370-6A1F68C1F214}.Debug|x64.Build.0 = Debug|Any CPU
		{D1E377CF-3E16-421E-8370-6A1F68C1F214}.Debug|x86.ActiveCfg = Debug|Any CPU
		{D1E377CF-3E16-421E-8370-6A1F68C1F214}.Debug|x86.Build.0 = Debug|Any CPU
		{D1E377CF-3E16-421E-8370-6A1F68C1F214}.Release|Any CPU.ActiveCfg = Release|Any CPU
		{D1E377CF-3E16-421E-8370-6A1F68C1F214}.Release|Any CPU.Build.0 = Release|Any CPU
		{D1E377CF-3E16-421E-8370-6A1F68C1F214}.Release|x64.ActiveCfg = Release|Any CPU
		{D1E377CF-3E16-421E-8370-6A1F68C1F214}.Release|x64.Build.0 = Release|Any CPU
		{D1E377CF-3E16-421E-8370-6A1F68C1F214}.Release|x86.ActiveCfg = Release|Any CPU
		{D1E377CF-3E16-421E-8370-6A1F68C1F214}.Release|x86.Build.0 = Release|Any CPU
		{A4EF351F-1228-47AB-8E74-996F11E620A9}.Debug|Any CPU.ActiveCfg = Debug|Any CPU
		{A4EF351F-1228-47AB-8E74-996F11E620A9}.Debug|Any CPU.Build.0 = Debug|Any CPU
		{A4EF351F-1228-47AB-8E74-996F11E620A9}.Debug|x64.ActiveCfg = Debug|Any CPU
		{A4EF351F-1228-47AB-8E74-996F11E620A9}.Debug|x64.Build.0 = Debug|Any CPU
		{A4EF351F-1228-47AB-8E74-996F11E620A9}.Debug|x86.ActiveCfg = Debug|Any CPU
		{A4EF351F-1228-47AB-8E74-996F11E620A9}.Debug|x86.Build.0 = Debug|Any CPU
		{A4EF351F-1228-47AB-8E74-996F11E620A9}.Release|Any CPU.ActiveCfg = Release|Any CPU
		{A4EF351F-1228-47AB-8E74-996F11E620A9}.Release|Any CPU.Build.0 = Release|Any CPU
		{A4EF351F-1228-47AB-8E74-996F11E620A9}.Release|x64.ActiveCfg = Release|Any CPU
		{A4EF351F-1228-47AB-8E74-996F11E620A9}.Release|x64.Build.0 = Release|Any CPU
		{A4EF351F-1228-47AB-8E74-996F11E620A9}.Release|x86.ActiveCfg = Release|Any CPU
		{A4EF351F-1228-47AB-8E74-996F11E620A9}.Release|x86.Build.0 = Release|Any CPU
		{3BE0FA97-73BB-4040-BDDF-C31C73649CFD}.Debug|Any CPU.ActiveCfg = Debug|Any CPU
		{3BE0FA97-73BB-4040-BDDF-C31C73649CFD}.Debug|Any CPU.Build.0 = Debug|Any CPU
		{3BE0FA97-73BB-4040-BDDF-C31C73649CFD}.Debug|x64.ActiveCfg = Debug|Any CPU
		{3BE0FA97-73BB-4040-BDDF-C31C73649CFD}.Debug|x64.Build.0 = Debug|Any CPU
		{3BE0FA97-73BB-4040-BDDF-C31C73649CFD}.Debug|x86.ActiveCfg = Debug|Any CPU
		{3BE0FA97-73BB-4040-BDDF-C31C73649CFD}.Debug|x86.Build.0 = Debug|Any CPU
		{3BE0FA97-73BB-4040-BDDF-C31C73649CFD}.Release|Any CPU.ActiveCfg = Release|Any CPU
		{3BE0FA97-73BB-4040-BDDF-C31C73649CFD}.Release|Any CPU.Build.0 = Release|Any CPU
		{3BE0FA97-73BB-4040-BDDF-C31C73649CFD}.Release|x64.ActiveCfg = Release|Any CPU
		{3BE0FA97-73BB-4040-BDDF-C31C73649CFD}.Release|x64.Build.0 = Release|Any CPU
		{3BE0FA97-73BB-4040-BDDF-C31C73649CFD}.Release|x86.ActiveCfg = Release|Any CPU
		{3BE0FA97-73BB-4040-BDDF-C31C73649CFD}.Release|x86.Build.0 = Release|Any CPU
		{3B3A15D7-37A6-4B6E-A80A-4402DAF8FA29}.Debug|Any CPU.ActiveCfg = Debug|Any CPU
		{3B3A15D7-37A6-4B6E-A80A-4402DAF8FA29}.Debug|Any CPU.Build.0 = Debug|Any CPU
		{3B3A15D7-37A6-4B6E-A80A-4402DAF8FA29}.Debug|x64.ActiveCfg = Debug|Any CPU
		{3B3A15D7-37A6-4B6E-A80A-4402DAF8FA29}.Debug|x64.Build.0 = Debug|Any CPU
		{3B3A15D7-37A6-4B6E-A80A-4402DAF8FA29}.Debug|x86.ActiveCfg = Debug|Any CPU
		{3B3A15D7-37A6-4B6E-A80A-4402DAF8FA29}.Debug|x86.Build.0 = Debug|Any CPU
		{3B3A15D7-37A6-4B6E-A80A-4402DAF8FA29}.Release|Any CPU.ActiveCfg = Release|Any CPU
		{3B3A15D7-37A6-4B6E-A80A-4402DAF8FA29}.Release|Any CPU.Build.0 = Release|Any CPU
		{3B3A15D7-37A6-4B6E-A80A-4402DAF8FA29}.Release|x64.ActiveCfg = Release|Any CPU
		{3B3A15D7-37A6-4B6E-A80A-4402DAF8FA29}.Release|x64.Build.0 = Release|Any CPU
		{3B3A15D7-37A6-4B6E-A80A-4402DAF8FA29}.Release|x86.ActiveCfg = Release|Any CPU
		{3B3A15D7-37A6-4B6E-A80A-4402DAF8FA29}.Release|x86.Build.0 = Release|Any CPU
		{4B9F4FB6-EB90-40ED-8AA9-090DFF60168A}.Debug|Any CPU.ActiveCfg = Debug|Any CPU
		{4B9F4FB6-EB90-40ED-8AA9-090DFF60168A}.Debug|Any CPU.Build.0 = Debug|Any CPU
		{4B9F4FB6-EB90-40ED-8AA9-090DFF60168A}.Debug|x64.ActiveCfg = Debug|Any CPU
		{4B9F4FB6-EB90-40ED-8AA9-090DFF60168A}.Debug|x64.Build.0 = Debug|Any CPU
		{4B9F4FB6-EB90-40ED-8AA9-090DFF60168A}.Debug|x86.ActiveCfg = Debug|Any CPU
		{4B9F4FB6-EB90-40ED-8AA9-090DFF60168A}.Debug|x86.Build.0 = Debug|Any CPU
		{4B9F4FB6-EB90-40ED-8AA9-090DFF60168A}.Release|Any CPU.ActiveCfg = Release|Any CPU
		{4B9F4FB6-EB90-40ED-8AA9-090DFF60168A}.Release|Any CPU.Build.0 = Release|Any CPU
		{4B9F4FB6-EB90-40ED-8AA9-090DFF60168A}.Release|x64.ActiveCfg = Release|Any CPU
		{4B9F4FB6-EB90-40ED-8AA9-090DFF60168A}.Release|x64.Build.0 = Release|Any CPU
		{4B9F4FB6-EB90-40ED-8AA9-090DFF60168A}.Release|x86.ActiveCfg = Release|Any CPU
		{4B9F4FB6-EB90-40ED-8AA9-090DFF60168A}.Release|x86.Build.0 = Release|Any CPU
		{B844DB4A-E4CB-478B-94FF-5EE8BAB8261F}.Debug|Any CPU.ActiveCfg = Debug|Any CPU
		{B844DB4A-E4CB-478B-94FF-5EE8BAB8261F}.Debug|Any CPU.Build.0 = Debug|Any CPU
		{B844DB4A-E4CB-478B-94FF-5EE8BAB8261F}.Debug|x64.ActiveCfg = Debug|Any CPU
		{B844DB4A-E4CB-478B-94FF-5EE8BAB8261F}.Debug|x64.Build.0 = Debug|Any CPU
		{B844DB4A-E4CB-478B-94FF-5EE8BAB8261F}.Debug|x86.ActiveCfg = Debug|Any CPU
		{B844DB4A-E4CB-478B-94FF-5EE8BAB8261F}.Debug|x86.Build.0 = Debug|Any CPU
		{B844DB4A-E4CB-478B-94FF-5EE8BAB8261F}.Release|Any CPU.ActiveCfg = Release|Any CPU
		{B844DB4A-E4CB-478B-94FF-5EE8BAB8261F}.Release|Any CPU.Build.0 = Release|Any CPU
		{B844DB4A-E4CB-478B-94FF-5EE8BAB8261F}.Release|x64.ActiveCfg = Release|Any CPU
		{B844DB4A-E4CB-478B-94FF-5EE8BAB8261F}.Release|x64.Build.0 = Release|Any CPU
		{B844DB4A-E4CB-478B-94FF-5EE8BAB8261F}.Release|x86.ActiveCfg = Release|Any CPU
		{B844DB4A-E4CB-478B-94FF-5EE8BAB8261F}.Release|x86.Build.0 = Release|Any CPU
		{7D51BC29-FD1E-45E4-BDC0-A5AB5EB8C765}.Debug|Any CPU.ActiveCfg = Debug|Any CPU
		{7D51BC29-FD1E-45E4-BDC0-A5AB5EB8C765}.Debug|Any CPU.Build.0 = Debug|Any CPU
		{7D51BC29-FD1E-45E4-BDC0-A5AB5EB8C765}.Debug|x64.ActiveCfg = Debug|Any CPU
		{7D51BC29-FD1E-45E4-BDC0-A5AB5EB8C765}.Debug|x64.Build.0 = Debug|Any CPU
		{7D51BC29-FD1E-45E4-BDC0-A5AB5EB8C765}.Debug|x86.ActiveCfg = Debug|Any CPU
		{7D51BC29-FD1E-45E4-BDC0-A5AB5EB8C765}.Debug|x86.Build.0 = Debug|Any CPU
		{7D51BC29-FD1E-45E4-BDC0-A5AB5EB8C765}.Release|Any CPU.ActiveCfg = Release|Any CPU
		{7D51BC29-FD1E-45E4-BDC0-A5AB5EB8C765}.Release|Any CPU.Build.0 = Release|Any CPU
		{7D51BC29-FD1E-45E4-BDC0-A5AB5EB8C765}.Release|x64.ActiveCfg = Release|Any CPU
		{7D51BC29-FD1E-45E4-BDC0-A5AB5EB8C765}.Release|x64.Build.0 = Release|Any CPU
		{7D51BC29-FD1E-45E4-BDC0-A5AB5EB8C765}.Release|x86.ActiveCfg = Release|Any CPU
		{7D51BC29-FD1E-45E4-BDC0-A5AB5EB8C765}.Release|x86.Build.0 = Release|Any CPU
		{A9AA6225-0B18-4C68-BE9A-6E0EA7D80D33}.Debug|Any CPU.ActiveCfg = Debug|Any CPU
		{A9AA6225-0B18-4C68-BE9A-6E0EA7D80D33}.Debug|Any CPU.Build.0 = Debug|Any CPU
		{A9AA6225-0B18-4C68-BE9A-6E0EA7D80D33}.Debug|x64.ActiveCfg = Debug|Any CPU
		{A9AA6225-0B18-4C68-BE9A-6E0EA7D80D33}.Debug|x64.Build.0 = Debug|Any CPU
		{A9AA6225-0B18-4C68-BE9A-6E0EA7D80D33}.Debug|x86.ActiveCfg = Debug|Any CPU
		{A9AA6225-0B18-4C68-BE9A-6E0EA7D80D33}.Debug|x86.Build.0 = Debug|Any CPU
		{A9AA6225-0B18-4C68-BE9A-6E0EA7D80D33}.Release|Any CPU.ActiveCfg = Release|Any CPU
		{A9AA6225-0B18-4C68-BE9A-6E0EA7D80D33}.Release|Any CPU.Build.0 = Release|Any CPU
		{A9AA6225-0B18-4C68-BE9A-6E0EA7D80D33}.Release|x64.ActiveCfg = Release|Any CPU
		{A9AA6225-0B18-4C68-BE9A-6E0EA7D80D33}.Release|x64.Build.0 = Release|Any CPU
		{A9AA6225-0B18-4C68-BE9A-6E0EA7D80D33}.Release|x86.ActiveCfg = Release|Any CPU
		{A9AA6225-0B18-4C68-BE9A-6E0EA7D80D33}.Release|x86.Build.0 = Release|Any CPU
		{76C237CA-8038-496E-8C35-59EE00D70E31}.Debug|Any CPU.ActiveCfg = Debug|Any CPU
		{76C237CA-8038-496E-8C35-59EE00D70E31}.Debug|Any CPU.Build.0 = Debug|Any CPU
		{76C237CA-8038-496E-8C35-59EE00D70E31}.Debug|x64.ActiveCfg = Debug|Any CPU
		{76C237CA-8038-496E-8C35-59EE00D70E31}.Debug|x64.Build.0 = Debug|Any CPU
		{76C237CA-8038-496E-8C35-59EE00D70E31}.Debug|x86.ActiveCfg = Debug|Any CPU
		{76C237CA-8038-496E-8C35-59EE00D70E31}.Debug|x86.Build.0 = Debug|Any CPU
		{76C237CA-8038-496E-8C35-59EE00D70E31}.Release|Any CPU.ActiveCfg = Release|Any CPU
		{76C237CA-8038-496E-8C35-59EE00D70E31}.Release|Any CPU.Build.0 = Release|Any CPU
		{76C237CA-8038-496E-8C35-59EE00D70E31}.Release|x64.ActiveCfg = Release|Any CPU
		{76C237CA-8038-496E-8C35-59EE00D70E31}.Release|x64.Build.0 = Release|Any CPU
		{76C237CA-8038-496E-8C35-59EE00D70E31}.Release|x86.ActiveCfg = Release|Any CPU
		{76C237CA-8038-496E-8C35-59EE00D70E31}.Release|x86.Build.0 = Release|Any CPU
		{14E9F36F-AFBB-4D62-9724-2EF8AD971ACD}.Debug|Any CPU.ActiveCfg = Debug|Any CPU
		{14E9F36F-AFBB-4D62-9724-2EF8AD971ACD}.Debug|Any CPU.Build.0 = Debug|Any CPU
		{14E9F36F-AFBB-4D62-9724-2EF8AD971ACD}.Debug|x64.ActiveCfg = Debug|Any CPU
		{14E9F36F-AFBB-4D62-9724-2EF8AD971ACD}.Debug|x64.Build.0 = Debug|Any CPU
		{14E9F36F-AFBB-4D62-9724-2EF8AD971ACD}.Debug|x86.ActiveCfg = Debug|Any CPU
		{14E9F36F-AFBB-4D62-9724-2EF8AD971ACD}.Debug|x86.Build.0 = Debug|Any CPU
		{14E9F36F-AFBB-4D62-9724-2EF8AD971ACD}.Release|Any CPU.ActiveCfg = Release|Any CPU
		{14E9F36F-AFBB-4D62-9724-2EF8AD971ACD}.Release|Any CPU.Build.0 = Release|Any CPU
		{14E9F36F-AFBB-4D62-9724-2EF8AD971ACD}.Release|x64.ActiveCfg = Release|Any CPU
		{14E9F36F-AFBB-4D62-9724-2EF8AD971ACD}.Release|x64.Build.0 = Release|Any CPU
		{14E9F36F-AFBB-4D62-9724-2EF8AD971ACD}.Release|x86.ActiveCfg = Release|Any CPU
		{14E9F36F-AFBB-4D62-9724-2EF8AD971ACD}.Release|x86.Build.0 = Release|Any CPU
		{E13CCCB8-8603-4B4B-B025-D60AF9763B2D}.Debug|Any CPU.ActiveCfg = Debug|Any CPU
		{E13CCCB8-8603-4B4B-B025-D60AF9763B2D}.Debug|Any CPU.Build.0 = Debug|Any CPU
		{E13CCCB8-8603-4B4B-B025-D60AF9763B2D}.Debug|x64.ActiveCfg = Debug|Any CPU
		{E13CCCB8-8603-4B4B-B025-D60AF9763B2D}.Debug|x64.Build.0 = Debug|Any CPU
		{E13CCCB8-8603-4B4B-B025-D60AF9763B2D}.Debug|x86.ActiveCfg = Debug|Any CPU
		{E13CCCB8-8603-4B4B-B025-D60AF9763B2D}.Debug|x86.Build.0 = Debug|Any CPU
		{E13CCCB8-8603-4B4B-B025-D60AF9763B2D}.Release|Any CPU.ActiveCfg = Release|Any CPU
		{E13CCCB8-8603-4B4B-B025-D60AF9763B2D}.Release|Any CPU.Build.0 = Release|Any CPU
		{E13CCCB8-8603-4B4B-B025-D60AF9763B2D}.Release|x64.ActiveCfg = Release|Any CPU
		{E13CCCB8-8603-4B4B-B025-D60AF9763B2D}.Release|x64.Build.0 = Release|Any CPU
		{E13CCCB8-8603-4B4B-B025-D60AF9763B2D}.Release|x86.ActiveCfg = Release|Any CPU
		{E13CCCB8-8603-4B4B-B025-D60AF9763B2D}.Release|x86.Build.0 = Release|Any CPU
		{41F243AF-4323-43AD-A8BC-63EF9594FF5E}.Debug|Any CPU.ActiveCfg = Debug|Any CPU
		{41F243AF-4323-43AD-A8BC-63EF9594FF5E}.Debug|Any CPU.Build.0 = Debug|Any CPU
		{41F243AF-4323-43AD-A8BC-63EF9594FF5E}.Debug|x64.ActiveCfg = Debug|Any CPU
		{41F243AF-4323-43AD-A8BC-63EF9594FF5E}.Debug|x64.Build.0 = Debug|Any CPU
		{41F243AF-4323-43AD-A8BC-63EF9594FF5E}.Debug|x86.ActiveCfg = Debug|Any CPU
		{41F243AF-4323-43AD-A8BC-63EF9594FF5E}.Debug|x86.Build.0 = Debug|Any CPU
		{41F243AF-4323-43AD-A8BC-63EF9594FF5E}.Release|Any CPU.ActiveCfg = Release|Any CPU
		{41F243AF-4323-43AD-A8BC-63EF9594FF5E}.Release|Any CPU.Build.0 = Release|Any CPU
		{41F243AF-4323-43AD-A8BC-63EF9594FF5E}.Release|x64.ActiveCfg = Release|Any CPU
		{41F243AF-4323-43AD-A8BC-63EF9594FF5E}.Release|x64.Build.0 = Release|Any CPU
		{41F243AF-4323-43AD-A8BC-63EF9594FF5E}.Release|x86.ActiveCfg = Release|Any CPU
		{41F243AF-4323-43AD-A8BC-63EF9594FF5E}.Release|x86.Build.0 = Release|Any CPU
		{F02776CA-07C3-445E-AE84-0AFEA54189AA}.Debug|Any CPU.ActiveCfg = Debug|Any CPU
		{F02776CA-07C3-445E-AE84-0AFEA54189AA}.Debug|Any CPU.Build.0 = Debug|Any CPU
		{F02776CA-07C3-445E-AE84-0AFEA54189AA}.Debug|x64.ActiveCfg = Debug|Any CPU
		{F02776CA-07C3-445E-AE84-0AFEA54189AA}.Debug|x64.Build.0 = Debug|Any CPU
		{F02776CA-07C3-445E-AE84-0AFEA54189AA}.Debug|x86.ActiveCfg = Debug|Any CPU
		{F02776CA-07C3-445E-AE84-0AFEA54189AA}.Debug|x86.Build.0 = Debug|Any CPU
		{F02776CA-07C3-445E-AE84-0AFEA54189AA}.Release|Any CPU.ActiveCfg = Release|Any CPU
		{F02776CA-07C3-445E-AE84-0AFEA54189AA}.Release|Any CPU.Build.0 = Release|Any CPU
		{F02776CA-07C3-445E-AE84-0AFEA54189AA}.Release|x64.ActiveCfg = Release|Any CPU
		{F02776CA-07C3-445E-AE84-0AFEA54189AA}.Release|x64.Build.0 = Release|Any CPU
		{F02776CA-07C3-445E-AE84-0AFEA54189AA}.Release|x86.ActiveCfg = Release|Any CPU
		{F02776CA-07C3-445E-AE84-0AFEA54189AA}.Release|x86.Build.0 = Release|Any CPU
		{772A6728-66C4-4F7E-9344-0B4F2FE44FBC}.Debug|Any CPU.ActiveCfg = Debug|Any CPU
		{772A6728-66C4-4F7E-9344-0B4F2FE44FBC}.Debug|Any CPU.Build.0 = Debug|Any CPU
		{772A6728-66C4-4F7E-9344-0B4F2FE44FBC}.Debug|x64.ActiveCfg = Debug|Any CPU
		{772A6728-66C4-4F7E-9344-0B4F2FE44FBC}.Debug|x64.Build.0 = Debug|Any CPU
		{772A6728-66C4-4F7E-9344-0B4F2FE44FBC}.Debug|x86.ActiveCfg = Debug|Any CPU
		{772A6728-66C4-4F7E-9344-0B4F2FE44FBC}.Debug|x86.Build.0 = Debug|Any CPU
		{772A6728-66C4-4F7E-9344-0B4F2FE44FBC}.Release|Any CPU.ActiveCfg = Release|Any CPU
		{772A6728-66C4-4F7E-9344-0B4F2FE44FBC}.Release|Any CPU.Build.0 = Release|Any CPU
		{772A6728-66C4-4F7E-9344-0B4F2FE44FBC}.Release|x64.ActiveCfg = Release|Any CPU
		{772A6728-66C4-4F7E-9344-0B4F2FE44FBC}.Release|x64.Build.0 = Release|Any CPU
		{772A6728-66C4-4F7E-9344-0B4F2FE44FBC}.Release|x86.ActiveCfg = Release|Any CPU
		{772A6728-66C4-4F7E-9344-0B4F2FE44FBC}.Release|x86.Build.0 = Release|Any CPU
		{43A00979-870C-4BAD-AC8D-0A86884499CC}.Debug|Any CPU.ActiveCfg = Debug|Any CPU
		{43A00979-870C-4BAD-AC8D-0A86884499CC}.Debug|Any CPU.Build.0 = Debug|Any CPU
		{43A00979-870C-4BAD-AC8D-0A86884499CC}.Debug|x64.ActiveCfg = Debug|Any CPU
		{43A00979-870C-4BAD-AC8D-0A86884499CC}.Debug|x64.Build.0 = Debug|Any CPU
		{43A00979-870C-4BAD-AC8D-0A86884499CC}.Debug|x86.ActiveCfg = Debug|Any CPU
		{43A00979-870C-4BAD-AC8D-0A86884499CC}.Debug|x86.Build.0 = Debug|Any CPU
		{43A00979-870C-4BAD-AC8D-0A86884499CC}.Release|Any CPU.ActiveCfg = Release|Any CPU
		{43A00979-870C-4BAD-AC8D-0A86884499CC}.Release|Any CPU.Build.0 = Release|Any CPU
		{43A00979-870C-4BAD-AC8D-0A86884499CC}.Release|x64.ActiveCfg = Release|Any CPU
		{43A00979-870C-4BAD-AC8D-0A86884499CC}.Release|x64.Build.0 = Release|Any CPU
		{43A00979-870C-4BAD-AC8D-0A86884499CC}.Release|x86.ActiveCfg = Release|Any CPU
		{43A00979-870C-4BAD-AC8D-0A86884499CC}.Release|x86.Build.0 = Release|Any CPU
		{21E5B23A-CDD8-4037-875F-81D87667AD0A}.Debug|Any CPU.ActiveCfg = Debug|Any CPU
		{21E5B23A-CDD8-4037-875F-81D87667AD0A}.Debug|Any CPU.Build.0 = Debug|Any CPU
		{21E5B23A-CDD8-4037-875F-81D87667AD0A}.Debug|x64.ActiveCfg = Debug|Any CPU
		{21E5B23A-CDD8-4037-875F-81D87667AD0A}.Debug|x64.Build.0 = Debug|Any CPU
		{21E5B23A-CDD8-4037-875F-81D87667AD0A}.Debug|x86.ActiveCfg = Debug|Any CPU
		{21E5B23A-CDD8-4037-875F-81D87667AD0A}.Debug|x86.Build.0 = Debug|Any CPU
		{21E5B23A-CDD8-4037-875F-81D87667AD0A}.Release|Any CPU.ActiveCfg = Release|Any CPU
		{21E5B23A-CDD8-4037-875F-81D87667AD0A}.Release|Any CPU.Build.0 = Release|Any CPU
		{21E5B23A-CDD8-4037-875F-81D87667AD0A}.Release|x64.ActiveCfg = Release|Any CPU
		{21E5B23A-CDD8-4037-875F-81D87667AD0A}.Release|x64.Build.0 = Release|Any CPU
		{21E5B23A-CDD8-4037-875F-81D87667AD0A}.Release|x86.ActiveCfg = Release|Any CPU
		{21E5B23A-CDD8-4037-875F-81D87667AD0A}.Release|x86.Build.0 = Release|Any CPU
		{9B10EB12-2611-4096-8668-A66A736A60DB}.Debug|Any CPU.ActiveCfg = Debug|Any CPU
		{9B10EB12-2611-4096-8668-A66A736A60DB}.Debug|Any CPU.Build.0 = Debug|Any CPU
		{9B10EB12-2611-4096-8668-A66A736A60DB}.Debug|x64.ActiveCfg = Debug|Any CPU
		{9B10EB12-2611-4096-8668-A66A736A60DB}.Debug|x64.Build.0 = Debug|Any CPU
		{9B10EB12-2611-4096-8668-A66A736A60DB}.Debug|x86.ActiveCfg = Debug|Any CPU
		{9B10EB12-2611-4096-8668-A66A736A60DB}.Debug|x86.Build.0 = Debug|Any CPU
		{9B10EB12-2611-4096-8668-A66A736A60DB}.Release|Any CPU.ActiveCfg = Release|Any CPU
		{9B10EB12-2611-4096-8668-A66A736A60DB}.Release|Any CPU.Build.0 = Release|Any CPU
		{9B10EB12-2611-4096-8668-A66A736A60DB}.Release|x64.ActiveCfg = Release|Any CPU
		{9B10EB12-2611-4096-8668-A66A736A60DB}.Release|x64.Build.0 = Release|Any CPU
		{9B10EB12-2611-4096-8668-A66A736A60DB}.Release|x86.ActiveCfg = Release|Any CPU
		{9B10EB12-2611-4096-8668-A66A736A60DB}.Release|x86.Build.0 = Release|Any CPU
		{2C07A4ED-27C6-4D1E-B52B-9A1B6DEBC8EB}.Debug|Any CPU.ActiveCfg = Debug|Any CPU
		{2C07A4ED-27C6-4D1E-B52B-9A1B6DEBC8EB}.Debug|Any CPU.Build.0 = Debug|Any CPU
		{2C07A4ED-27C6-4D1E-B52B-9A1B6DEBC8EB}.Debug|x64.ActiveCfg = Debug|Any CPU
		{2C07A4ED-27C6-4D1E-B52B-9A1B6DEBC8EB}.Debug|x64.Build.0 = Debug|Any CPU
		{2C07A4ED-27C6-4D1E-B52B-9A1B6DEBC8EB}.Debug|x86.ActiveCfg = Debug|Any CPU
		{2C07A4ED-27C6-4D1E-B52B-9A1B6DEBC8EB}.Debug|x86.Build.0 = Debug|Any CPU
		{2C07A4ED-27C6-4D1E-B52B-9A1B6DEBC8EB}.Release|Any CPU.ActiveCfg = Release|Any CPU
		{2C07A4ED-27C6-4D1E-B52B-9A1B6DEBC8EB}.Release|Any CPU.Build.0 = Release|Any CPU
		{2C07A4ED-27C6-4D1E-B52B-9A1B6DEBC8EB}.Release|x64.ActiveCfg = Release|Any CPU
		{2C07A4ED-27C6-4D1E-B52B-9A1B6DEBC8EB}.Release|x64.Build.0 = Release|Any CPU
		{2C07A4ED-27C6-4D1E-B52B-9A1B6DEBC8EB}.Release|x86.ActiveCfg = Release|Any CPU
		{2C07A4ED-27C6-4D1E-B52B-9A1B6DEBC8EB}.Release|x86.Build.0 = Release|Any CPU
		{56C0FA83-246E-4918-8596-55A78FD14CDF}.Debug|Any CPU.ActiveCfg = Debug|Any CPU
		{56C0FA83-246E-4918-8596-55A78FD14CDF}.Debug|Any CPU.Build.0 = Debug|Any CPU
		{56C0FA83-246E-4918-8596-55A78FD14CDF}.Debug|x64.ActiveCfg = Debug|Any CPU
		{56C0FA83-246E-4918-8596-55A78FD14CDF}.Debug|x64.Build.0 = Debug|Any CPU
		{56C0FA83-246E-4918-8596-55A78FD14CDF}.Debug|x86.ActiveCfg = Debug|Any CPU
		{56C0FA83-246E-4918-8596-55A78FD14CDF}.Debug|x86.Build.0 = Debug|Any CPU
		{56C0FA83-246E-4918-8596-55A78FD14CDF}.Release|Any CPU.ActiveCfg = Release|Any CPU
		{56C0FA83-246E-4918-8596-55A78FD14CDF}.Release|Any CPU.Build.0 = Release|Any CPU
		{56C0FA83-246E-4918-8596-55A78FD14CDF}.Release|x64.ActiveCfg = Release|Any CPU
		{56C0FA83-246E-4918-8596-55A78FD14CDF}.Release|x64.Build.0 = Release|Any CPU
		{56C0FA83-246E-4918-8596-55A78FD14CDF}.Release|x86.ActiveCfg = Release|Any CPU
		{56C0FA83-246E-4918-8596-55A78FD14CDF}.Release|x86.Build.0 = Release|Any CPU
		{C6AD4929-0CC7-4937-A0AC-DBC39EC5CA6F}.Debug|Any CPU.ActiveCfg = Debug|Any CPU
		{C6AD4929-0CC7-4937-A0AC-DBC39EC5CA6F}.Debug|Any CPU.Build.0 = Debug|Any CPU
		{C6AD4929-0CC7-4937-A0AC-DBC39EC5CA6F}.Debug|x64.ActiveCfg = Debug|Any CPU
		{C6AD4929-0CC7-4937-A0AC-DBC39EC5CA6F}.Debug|x64.Build.0 = Debug|Any CPU
		{C6AD4929-0CC7-4937-A0AC-DBC39EC5CA6F}.Debug|x86.ActiveCfg = Debug|Any CPU
		{C6AD4929-0CC7-4937-A0AC-DBC39EC5CA6F}.Debug|x86.Build.0 = Debug|Any CPU
		{C6AD4929-0CC7-4937-A0AC-DBC39EC5CA6F}.Release|Any CPU.ActiveCfg = Release|Any CPU
		{C6AD4929-0CC7-4937-A0AC-DBC39EC5CA6F}.Release|Any CPU.Build.0 = Release|Any CPU
		{C6AD4929-0CC7-4937-A0AC-DBC39EC5CA6F}.Release|x64.ActiveCfg = Release|Any CPU
		{C6AD4929-0CC7-4937-A0AC-DBC39EC5CA6F}.Release|x64.Build.0 = Release|Any CPU
		{C6AD4929-0CC7-4937-A0AC-DBC39EC5CA6F}.Release|x86.ActiveCfg = Release|Any CPU
		{C6AD4929-0CC7-4937-A0AC-DBC39EC5CA6F}.Release|x86.Build.0 = Release|Any CPU
		{A21FC67F-BD78-484B-B439-6CBD80083926}.Debug|Any CPU.ActiveCfg = Debug|Any CPU
		{A21FC67F-BD78-484B-B439-6CBD80083926}.Debug|Any CPU.Build.0 = Debug|Any CPU
		{A21FC67F-BD78-484B-B439-6CBD80083926}.Debug|x64.ActiveCfg = Debug|Any CPU
		{A21FC67F-BD78-484B-B439-6CBD80083926}.Debug|x64.Build.0 = Debug|Any CPU
		{A21FC67F-BD78-484B-B439-6CBD80083926}.Debug|x86.ActiveCfg = Debug|Any CPU
		{A21FC67F-BD78-484B-B439-6CBD80083926}.Debug|x86.Build.0 = Debug|Any CPU
		{A21FC67F-BD78-484B-B439-6CBD80083926}.Release|Any CPU.ActiveCfg = Release|Any CPU
		{A21FC67F-BD78-484B-B439-6CBD80083926}.Release|Any CPU.Build.0 = Release|Any CPU
		{A21FC67F-BD78-484B-B439-6CBD80083926}.Release|x64.ActiveCfg = Release|Any CPU
		{A21FC67F-BD78-484B-B439-6CBD80083926}.Release|x64.Build.0 = Release|Any CPU
		{A21FC67F-BD78-484B-B439-6CBD80083926}.Release|x86.ActiveCfg = Release|Any CPU
		{A21FC67F-BD78-484B-B439-6CBD80083926}.Release|x86.Build.0 = Release|Any CPU
		{DD5031BB-B1CE-4BE5-816B-A803E72E8AD7}.Debug|Any CPU.ActiveCfg = Debug|Any CPU
		{DD5031BB-B1CE-4BE5-816B-A803E72E8AD7}.Debug|Any CPU.Build.0 = Debug|Any CPU
		{DD5031BB-B1CE-4BE5-816B-A803E72E8AD7}.Debug|x64.ActiveCfg = Debug|Any CPU
		{DD5031BB-B1CE-4BE5-816B-A803E72E8AD7}.Debug|x64.Build.0 = Debug|Any CPU
		{DD5031BB-B1CE-4BE5-816B-A803E72E8AD7}.Debug|x86.ActiveCfg = Debug|Any CPU
		{DD5031BB-B1CE-4BE5-816B-A803E72E8AD7}.Debug|x86.Build.0 = Debug|Any CPU
		{DD5031BB-B1CE-4BE5-816B-A803E72E8AD7}.Release|Any CPU.ActiveCfg = Release|Any CPU
		{DD5031BB-B1CE-4BE5-816B-A803E72E8AD7}.Release|Any CPU.Build.0 = Release|Any CPU
		{DD5031BB-B1CE-4BE5-816B-A803E72E8AD7}.Release|x64.ActiveCfg = Release|Any CPU
		{DD5031BB-B1CE-4BE5-816B-A803E72E8AD7}.Release|x64.Build.0 = Release|Any CPU
		{DD5031BB-B1CE-4BE5-816B-A803E72E8AD7}.Release|x86.ActiveCfg = Release|Any CPU
		{DD5031BB-B1CE-4BE5-816B-A803E72E8AD7}.Release|x86.Build.0 = Release|Any CPU
		{364CACBB-121C-4A6F-A7F0-9188BA74FAA2}.Debug|Any CPU.ActiveCfg = Debug|Any CPU
		{364CACBB-121C-4A6F-A7F0-9188BA74FAA2}.Debug|Any CPU.Build.0 = Debug|Any CPU
		{364CACBB-121C-4A6F-A7F0-9188BA74FAA2}.Debug|x64.ActiveCfg = Debug|Any CPU
		{364CACBB-121C-4A6F-A7F0-9188BA74FAA2}.Debug|x64.Build.0 = Debug|Any CPU
		{364CACBB-121C-4A6F-A7F0-9188BA74FAA2}.Debug|x86.ActiveCfg = Debug|Any CPU
		{364CACBB-121C-4A6F-A7F0-9188BA74FAA2}.Debug|x86.Build.0 = Debug|Any CPU
		{364CACBB-121C-4A6F-A7F0-9188BA74FAA2}.Release|Any CPU.ActiveCfg = Release|Any CPU
		{364CACBB-121C-4A6F-A7F0-9188BA74FAA2}.Release|Any CPU.Build.0 = Release|Any CPU
		{364CACBB-121C-4A6F-A7F0-9188BA74FAA2}.Release|x64.ActiveCfg = Release|Any CPU
		{364CACBB-121C-4A6F-A7F0-9188BA74FAA2}.Release|x64.Build.0 = Release|Any CPU
		{364CACBB-121C-4A6F-A7F0-9188BA74FAA2}.Release|x86.ActiveCfg = Release|Any CPU
		{364CACBB-121C-4A6F-A7F0-9188BA74FAA2}.Release|x86.Build.0 = Release|Any CPU
		{6879825C-A63E-40BE-8A84-217B00534D60}.Debug|Any CPU.ActiveCfg = Debug|Any CPU
		{6879825C-A63E-40BE-8A84-217B00534D60}.Debug|Any CPU.Build.0 = Debug|Any CPU
		{6879825C-A63E-40BE-8A84-217B00534D60}.Debug|x64.ActiveCfg = Debug|Any CPU
		{6879825C-A63E-40BE-8A84-217B00534D60}.Debug|x64.Build.0 = Debug|Any CPU
		{6879825C-A63E-40BE-8A84-217B00534D60}.Debug|x86.ActiveCfg = Debug|Any CPU
		{6879825C-A63E-40BE-8A84-217B00534D60}.Debug|x86.Build.0 = Debug|Any CPU
		{6879825C-A63E-40BE-8A84-217B00534D60}.Release|Any CPU.ActiveCfg = Release|Any CPU
		{6879825C-A63E-40BE-8A84-217B00534D60}.Release|Any CPU.Build.0 = Release|Any CPU
		{6879825C-A63E-40BE-8A84-217B00534D60}.Release|x64.ActiveCfg = Release|Any CPU
		{6879825C-A63E-40BE-8A84-217B00534D60}.Release|x64.Build.0 = Release|Any CPU
		{6879825C-A63E-40BE-8A84-217B00534D60}.Release|x86.ActiveCfg = Release|Any CPU
		{6879825C-A63E-40BE-8A84-217B00534D60}.Release|x86.Build.0 = Release|Any CPU
		{04615909-69F4-4A91-AA71-5767CDA88C12}.Debug|Any CPU.ActiveCfg = Debug|Any CPU
		{04615909-69F4-4A91-AA71-5767CDA88C12}.Debug|Any CPU.Build.0 = Debug|Any CPU
		{04615909-69F4-4A91-AA71-5767CDA88C12}.Debug|x64.ActiveCfg = Debug|Any CPU
		{04615909-69F4-4A91-AA71-5767CDA88C12}.Debug|x64.Build.0 = Debug|Any CPU
		{04615909-69F4-4A91-AA71-5767CDA88C12}.Debug|x86.ActiveCfg = Debug|Any CPU
		{04615909-69F4-4A91-AA71-5767CDA88C12}.Debug|x86.Build.0 = Debug|Any CPU
		{04615909-69F4-4A91-AA71-5767CDA88C12}.Release|Any CPU.ActiveCfg = Release|Any CPU
		{04615909-69F4-4A91-AA71-5767CDA88C12}.Release|Any CPU.Build.0 = Release|Any CPU
		{04615909-69F4-4A91-AA71-5767CDA88C12}.Release|x64.ActiveCfg = Release|Any CPU
		{04615909-69F4-4A91-AA71-5767CDA88C12}.Release|x64.Build.0 = Release|Any CPU
		{04615909-69F4-4A91-AA71-5767CDA88C12}.Release|x86.ActiveCfg = Release|Any CPU
		{04615909-69F4-4A91-AA71-5767CDA88C12}.Release|x86.Build.0 = Release|Any CPU
		{41BC239E-AACB-4153-930F-89B64DAD03F0}.Debug|Any CPU.ActiveCfg = Debug|Any CPU
		{41BC239E-AACB-4153-930F-89B64DAD03F0}.Debug|Any CPU.Build.0 = Debug|Any CPU
		{41BC239E-AACB-4153-930F-89B64DAD03F0}.Debug|x64.ActiveCfg = Debug|Any CPU
		{41BC239E-AACB-4153-930F-89B64DAD03F0}.Debug|x64.Build.0 = Debug|Any CPU
		{41BC239E-AACB-4153-930F-89B64DAD03F0}.Debug|x86.ActiveCfg = Debug|Any CPU
		{41BC239E-AACB-4153-930F-89B64DAD03F0}.Debug|x86.Build.0 = Debug|Any CPU
		{41BC239E-AACB-4153-930F-89B64DAD03F0}.Release|Any CPU.ActiveCfg = Release|Any CPU
		{41BC239E-AACB-4153-930F-89B64DAD03F0}.Release|Any CPU.Build.0 = Release|Any CPU
		{41BC239E-AACB-4153-930F-89B64DAD03F0}.Release|x64.ActiveCfg = Release|Any CPU
		{41BC239E-AACB-4153-930F-89B64DAD03F0}.Release|x64.Build.0 = Release|Any CPU
		{41BC239E-AACB-4153-930F-89B64DAD03F0}.Release|x86.ActiveCfg = Release|Any CPU
		{41BC239E-AACB-4153-930F-89B64DAD03F0}.Release|x86.Build.0 = Release|Any CPU
		{FE380E12-9B1F-4D62-86D7-613B9D646C91}.Debug|Any CPU.ActiveCfg = Debug|Any CPU
		{FE380E12-9B1F-4D62-86D7-613B9D646C91}.Debug|Any CPU.Build.0 = Debug|Any CPU
		{FE380E12-9B1F-4D62-86D7-613B9D646C91}.Debug|x64.ActiveCfg = Debug|Any CPU
		{FE380E12-9B1F-4D62-86D7-613B9D646C91}.Debug|x64.Build.0 = Debug|Any CPU
		{FE380E12-9B1F-4D62-86D7-613B9D646C91}.Debug|x86.ActiveCfg = Debug|Any CPU
		{FE380E12-9B1F-4D62-86D7-613B9D646C91}.Debug|x86.Build.0 = Debug|Any CPU
		{FE380E12-9B1F-4D62-86D7-613B9D646C91}.Release|Any CPU.ActiveCfg = Release|Any CPU
		{FE380E12-9B1F-4D62-86D7-613B9D646C91}.Release|Any CPU.Build.0 = Release|Any CPU
		{FE380E12-9B1F-4D62-86D7-613B9D646C91}.Release|x64.ActiveCfg = Release|Any CPU
		{FE380E12-9B1F-4D62-86D7-613B9D646C91}.Release|x64.Build.0 = Release|Any CPU
		{FE380E12-9B1F-4D62-86D7-613B9D646C91}.Release|x86.ActiveCfg = Release|Any CPU
		{FE380E12-9B1F-4D62-86D7-613B9D646C91}.Release|x86.Build.0 = Release|Any CPU
		{A7C008AC-2875-4A38-9290-2E4EB5D1B75A}.Debug|Any CPU.ActiveCfg = Debug|Any CPU
		{A7C008AC-2875-4A38-9290-2E4EB5D1B75A}.Debug|Any CPU.Build.0 = Debug|Any CPU
		{A7C008AC-2875-4A38-9290-2E4EB5D1B75A}.Debug|x64.ActiveCfg = Debug|Any CPU
		{A7C008AC-2875-4A38-9290-2E4EB5D1B75A}.Debug|x64.Build.0 = Debug|Any CPU
		{A7C008AC-2875-4A38-9290-2E4EB5D1B75A}.Debug|x86.ActiveCfg = Debug|Any CPU
		{A7C008AC-2875-4A38-9290-2E4EB5D1B75A}.Debug|x86.Build.0 = Debug|Any CPU
		{A7C008AC-2875-4A38-9290-2E4EB5D1B75A}.Release|Any CPU.ActiveCfg = Release|Any CPU
		{A7C008AC-2875-4A38-9290-2E4EB5D1B75A}.Release|Any CPU.Build.0 = Release|Any CPU
		{A7C008AC-2875-4A38-9290-2E4EB5D1B75A}.Release|x64.ActiveCfg = Release|Any CPU
		{A7C008AC-2875-4A38-9290-2E4EB5D1B75A}.Release|x64.Build.0 = Release|Any CPU
		{A7C008AC-2875-4A38-9290-2E4EB5D1B75A}.Release|x86.ActiveCfg = Release|Any CPU
		{A7C008AC-2875-4A38-9290-2E4EB5D1B75A}.Release|x86.Build.0 = Release|Any CPU
		{961F675C-72B2-419C-97F5-320B01253952}.Debug|Any CPU.ActiveCfg = Debug|Any CPU
		{961F675C-72B2-419C-97F5-320B01253952}.Debug|Any CPU.Build.0 = Debug|Any CPU
		{961F675C-72B2-419C-97F5-320B01253952}.Debug|x64.ActiveCfg = Debug|Any CPU
		{961F675C-72B2-419C-97F5-320B01253952}.Debug|x64.Build.0 = Debug|Any CPU
		{961F675C-72B2-419C-97F5-320B01253952}.Debug|x86.ActiveCfg = Debug|Any CPU
		{961F675C-72B2-419C-97F5-320B01253952}.Debug|x86.Build.0 = Debug|Any CPU
		{961F675C-72B2-419C-97F5-320B01253952}.Release|Any CPU.ActiveCfg = Release|Any CPU
		{961F675C-72B2-419C-97F5-320B01253952}.Release|Any CPU.Build.0 = Release|Any CPU
		{961F675C-72B2-419C-97F5-320B01253952}.Release|x64.ActiveCfg = Release|Any CPU
		{961F675C-72B2-419C-97F5-320B01253952}.Release|x64.Build.0 = Release|Any CPU
		{961F675C-72B2-419C-97F5-320B01253952}.Release|x86.ActiveCfg = Release|Any CPU
		{961F675C-72B2-419C-97F5-320B01253952}.Release|x86.Build.0 = Release|Any CPU
	EndGlobalSection
	GlobalSection(SolutionProperties) = preSolution
		HideSolutionNode = FALSE
	EndGlobalSection
	GlobalSection(NestedProjects) = preSolution
		{74BF30D2-5567-7E21-0AB8-890B8E2F4532} = {5854FF58-B8C5-05C6-5BF2-ACE42193F22B}
		{9EA83EBA-B44F-30C3-69A8-E731DD213924} = {74BF30D2-5567-7E21-0AB8-890B8E2F4532}
		{0F3150D6-BC75-4F52-8DB2-9CF5C28DAFD1} = {9EA83EBA-B44F-30C3-69A8-E731DD213924}
		{825EF6F0-0A82-4CC9-82C3-1D328A79BFCF} = {9EA83EBA-B44F-30C3-69A8-E731DD213924}
		{5FB9FAC3-E905-43FF-AAEB-1A90D057F6A1} = {9EA83EBA-B44F-30C3-69A8-E731DD213924}
		{271899DC-7A54-9353-8564-15A2B03681EC} = {74BF30D2-5567-7E21-0AB8-890B8E2F4532}
		{D1E377CF-3E16-421E-8370-6A1F68C1F214} = {271899DC-7A54-9353-8564-15A2B03681EC}
		{A11E8D2C-1E34-6671-EC16-5CF270E85870} = {5854FF58-B8C5-05C6-5BF2-ACE42193F22B}
		{E588C7A0-8E09-F5A7-A398-F9D2E6ACBF2D} = {A11E8D2C-1E34-6671-EC16-5CF270E85870}
		{A4EF351F-1228-47AB-8E74-996F11E620A9} = {E588C7A0-8E09-F5A7-A398-F9D2E6ACBF2D}
		{3BE0FA97-73BB-4040-BDDF-C31C73649CFD} = {E588C7A0-8E09-F5A7-A398-F9D2E6ACBF2D}
		{3B3A15D7-37A6-4B6E-A80A-4402DAF8FA29} = {E588C7A0-8E09-F5A7-A398-F9D2E6ACBF2D}
		{BD0D32FA-C7BA-02D7-8012-B8DFED9A4DCE} = {A11E8D2C-1E34-6671-EC16-5CF270E85870}
		{4B9F4FB6-EB90-40ED-8AA9-090DFF60168A} = {BD0D32FA-C7BA-02D7-8012-B8DFED9A4DCE}
		{36B80E85-59D1-B8DB-3000-F28FAA5F755B} = {5854FF58-B8C5-05C6-5BF2-ACE42193F22B}
		{7899226C-8785-E78D-3674-D3A394709675} = {36B80E85-59D1-B8DB-3000-F28FAA5F755B}
		{B844DB4A-E4CB-478B-94FF-5EE8BAB8261F} = {7899226C-8785-E78D-3674-D3A394709675}
		{7D51BC29-FD1E-45E4-BDC0-A5AB5EB8C765} = {7899226C-8785-E78D-3674-D3A394709675}
		{A9AA6225-0B18-4C68-BE9A-6E0EA7D80D33} = {7899226C-8785-E78D-3674-D3A394709675}
		{27654D0E-123A-20BD-DB97-6CFB470F3F5D} = {36B80E85-59D1-B8DB-3000-F28FAA5F755B}
		{76C237CA-8038-496E-8C35-59EE00D70E31} = {27654D0E-123A-20BD-DB97-6CFB470F3F5D}
		{A86387A1-6CB7-E87F-8D97-922B56EDCEFC} = {5854FF58-B8C5-05C6-5BF2-ACE42193F22B}
		{B16E37B7-9997-3A69-15CC-2776E4DDC1AC} = {A86387A1-6CB7-E87F-8D97-922B56EDCEFC}
		{14E9F36F-AFBB-4D62-9724-2EF8AD971ACD} = {B16E37B7-9997-3A69-15CC-2776E4DDC1AC}
		{E13CCCB8-8603-4B4B-B025-D60AF9763B2D} = {B16E37B7-9997-3A69-15CC-2776E4DDC1AC}
		{41F243AF-4323-43AD-A8BC-63EF9594FF5E} = {B16E37B7-9997-3A69-15CC-2776E4DDC1AC}
		{8B9A4CE7-C63C-2C30-32DD-7937E6868EBD} = {A86387A1-6CB7-E87F-8D97-922B56EDCEFC}
		{F02776CA-07C3-445E-AE84-0AFEA54189AA} = {8B9A4CE7-C63C-2C30-32DD-7937E6868EBD}
		{C11069B0-78FC-CF9E-9D65-12F697A0DBA7} = {5854FF58-B8C5-05C6-5BF2-ACE42193F22B}
		{3BF257AD-52FD-D1B4-C469-F272D6688222} = {C11069B0-78FC-CF9E-9D65-12F697A0DBA7}
		{772A6728-66C4-4F7E-9344-0B4F2FE44FBC} = {3BF257AD-52FD-D1B4-C469-F272D6688222}
		{43A00979-870C-4BAD-AC8D-0A86884499CC} = {3BF257AD-52FD-D1B4-C469-F272D6688222}
		{21E5B23A-CDD8-4037-875F-81D87667AD0A} = {3BF257AD-52FD-D1B4-C469-F272D6688222}
		{30C5FC91-BAB3-7698-36C1-39A02EFCC7C0} = {C11069B0-78FC-CF9E-9D65-12F697A0DBA7}
		{9B10EB12-2611-4096-8668-A66A736A60DB} = {30C5FC91-BAB3-7698-36C1-39A02EFCC7C0}
		{B1FC9596-F9B4-D19A-EBF5-4E2EF4B587FD} = {5854FF58-B8C5-05C6-5BF2-ACE42193F22B}
		{9DFD78BA-D1D0-E637-C6AC-04F1B1457CB5} = {B1FC9596-F9B4-D19A-EBF5-4E2EF4B587FD}
		{2C07A4ED-27C6-4D1E-B52B-9A1B6DEBC8EB} = {9DFD78BA-D1D0-E637-C6AC-04F1B1457CB5}
		{56C0FA83-246E-4918-8596-55A78FD14CDF} = {9DFD78BA-D1D0-E637-C6AC-04F1B1457CB5}
		{C6AD4929-0CC7-4937-A0AC-DBC39EC5CA6F} = {9DFD78BA-D1D0-E637-C6AC-04F1B1457CB5}
		{BDC9CAC1-30FE-134D-E607-07DEC290A202} = {B1FC9596-F9B4-D19A-EBF5-4E2EF4B587FD}
		{A21FC67F-BD78-484B-B439-6CBD80083926} = {BDC9CAC1-30FE-134D-E607-07DEC290A202}
		{B243012A-2D8B-010F-8D43-330B6A1CD5A6} = {5854FF58-B8C5-05C6-5BF2-ACE42193F22B}
		{7819F573-34DF-00F8-31D3-EB3D1AB759CE} = {B243012A-2D8B-010F-8D43-330B6A1CD5A6}
		{DD5031BB-B1CE-4BE5-816B-A803E72E8AD7} = {7819F573-34DF-00F8-31D3-EB3D1AB759CE}
		{364CACBB-121C-4A6F-A7F0-9188BA74FAA2} = {7819F573-34DF-00F8-31D3-EB3D1AB759CE}
		{6879825C-A63E-40BE-8A84-217B00534D60} = {7819F573-34DF-00F8-31D3-EB3D1AB759CE}
		{6F5FA5BE-A3C2-5CC3-5E5C-525EC6EF42C6} = {B243012A-2D8B-010F-8D43-330B6A1CD5A6}
		{04615909-69F4-4A91-AA71-5767CDA88C12} = {6F5FA5BE-A3C2-5CC3-5E5C-525EC6EF42C6}
		{5E2CB670-2A91-A921-91B6-C7578B4DCEC0} = {5854FF58-B8C5-05C6-5BF2-ACE42193F22B}
		{31192AE9-F51B-AEBD-33CE-1EA9C36E4389} = {5E2CB670-2A91-A921-91B6-C7578B4DCEC0}
		{41BC239E-AACB-4153-930F-89B64DAD03F0} = {31192AE9-F51B-AEBD-33CE-1EA9C36E4389}
		{FE380E12-9B1F-4D62-86D7-613B9D646C91} = {31192AE9-F51B-AEBD-33CE-1EA9C36E4389}
		{A7C008AC-2875-4A38-9290-2E4EB5D1B75A} = {31192AE9-F51B-AEBD-33CE-1EA9C36E4389}
		{812B3FD7-7E4F-A54F-991E-5AF307273D5F} = {5E2CB670-2A91-A921-91B6-C7578B4DCEC0}
		{961F675C-72B2-419C-97F5-320B01253952} = {812B3FD7-7E4F-A54F-991E-5AF307273D5F}
	EndGlobalSection
EndGlobal
